{
  "lockfileVersion": 1,
  "configVersion": 0,
  "workspaces": {
    "": {
      "name": "audio0",
      "dependencies": {
        "zen-mitt": "^3.1.0",
      },
      "devDependencies": {
        "@subframe7536/type-utils": "^0.2.0",
        "bumpp": "^10.2.3",
        "oxlint": "^1.31.0",
        "tsdown": "^0.17.0",
        "typescript": "^5.9.3",
        "vite": "^7.1.3",
        "weighted-shuffle": "1.0.0",
      },
    },
  },
  "patchedDependencies": {
    "weighted-shuffle@1.0.0": "patches/weighted-shuffle@1.0.0.patch",
  },
  "packages": {
    "@babel/generator": ["@babel/generator@7.28.5", "https://registry.npmmirror.com/@babel/generator/-/generator-7.28.5.tgz", { "dependencies": { "@babel/parser": "^7.28.5", "@babel/types": "^7.28.5", "@jridgewell/gen-mapping": "^0.3.12", "@jridgewell/trace-mapping": "^0.3.28", "jsesc": "^3.0.2" } }, "sha512-3EwLFhZ38J4VyIP6WNtt2kUdW9dokXA9Cr4IVIFHuCpZ3H8/YFOl5JjZHisrn1fATPBmKKqXzDFvh9fUwHz6CQ=="],

    "@babel/helper-string-parser": ["@babel/helper-string-parser@7.27.1", "https://registry.npmmirror.com/@babel/helper-string-parser/-/helper-string-parser-7.27.1.tgz", {}, "sha512-qMlSxKbpRlAridDExk92nSobyDdpPijUq2DW6oDnUqd0iOGxmQjyqhMIihI9+zv4LPyZdRje2cavWPbCbWm3eA=="],

    "@babel/helper-validator-identifier": ["@babel/helper-validator-identifier@7.28.5", "https://registry.npmmirror.com/@babel/helper-validator-identifier/-/helper-validator-identifier-7.28.5.tgz", {}, "sha512-qSs4ifwzKJSV39ucNjsvc6WVHs6b7S03sOh2OcHF9UHfVPqWWALUsNUVzhSBiItjRZoLHx7nIarVjqKVusUZ1Q=="],

    "@babel/parser": ["@babel/parser@7.28.5", "https://registry.npmmirror.com/@babel/parser/-/parser-7.28.5.tgz", { "dependencies": { "@babel/types": "^7.28.5" }, "bin": "./bin/babel-parser.js" }, "sha512-KKBU1VGYR7ORr3At5HAtUQ+TV3SzRCXmA/8OdDZiLDBIZxVyzXuztPjfLd3BV1PRAQGCMWWSHYhL0F8d5uHBDQ=="],

    "@babel/types": ["@babel/types@7.28.5", "https://registry.npmmirror.com/@babel/types/-/types-7.28.5.tgz", { "dependencies": { "@babel/helper-string-parser": "^7.27.1", "@babel/helper-validator-identifier": "^7.28.5" } }, "sha512-qQ5m48eI/MFLQ5PxQj4PFaprjyCTLI37ElWMmNs0K8Lk3dVeOdNpB3ks8jc7yM5CDmVC73eMVk/trk3fgmrUpA=="],

    "@emnapi/core": ["@emnapi/core@1.7.1", "https://registry.npmmirror.com/@emnapi/core/-/core-1.7.1.tgz", { "dependencies": { "@emnapi/wasi-threads": "1.1.0", "tslib": "^2.4.0" } }, "sha512-o1uhUASyo921r2XtHYOHy7gdkGLge8ghBEQHMWmyJFoXlpU58kIrhhN3w26lpQb6dspetweapMn2CSNwQ8I4wg=="],

    "@emnapi/runtime": ["@emnapi/runtime@1.7.1", "https://registry.npmmirror.com/@emnapi/runtime/-/runtime-1.7.1.tgz", { "dependencies": { "tslib": "^2.4.0" } }, "sha512-PVtJr5CmLwYAU9PZDMITZoR5iAOShYREoR45EyyLrbntV50mdePTgUn4AmOw90Ifcj+x2kRjdzr1HP3RrNiHGA=="],

    "@emnapi/wasi-threads": ["@emnapi/wasi-threads@1.1.0", "https://registry.npmmirror.com/@emnapi/wasi-threads/-/wasi-threads-1.1.0.tgz", { "dependencies": { "tslib": "^2.4.0" } }, "sha512-WI0DdZ8xFSbgMjR1sFsKABJ/C5OnRrjT06JXbZKexJGrDuPTzZdDYfFlsgcCXCyf+suG5QU2e/y1Wo2V/OapLQ=="],

    "@esbuild/aix-ppc64": ["@esbuild/aix-ppc64@0.25.5", "https://registry.npmmirror.com/@esbuild/aix-ppc64/-/aix-ppc64-0.25.5.tgz", { "os": "aix", "cpu": "ppc64" }, "sha512-9o3TMmpmftaCMepOdA5k/yDw8SfInyzWWTjYTFCX3kPSDJMROQTb8jg+h9Cnwnmm1vOzvxN7gIfB5V2ewpjtGA=="],

    "@esbuild/android-arm": ["@esbuild/android-arm@0.25.5", "https://registry.npmmirror.com/@esbuild/android-arm/-/android-arm-0.25.5.tgz", { "os": "android", "cpu": "arm" }, "sha512-AdJKSPeEHgi7/ZhuIPtcQKr5RQdo6OO2IL87JkianiMYMPbCtot9fxPbrMiBADOWWm3T2si9stAiVsGbTQFkbA=="],

    "@esbuild/android-arm64": ["@esbuild/android-arm64@0.25.5", "https://registry.npmmirror.com/@esbuild/android-arm64/-/android-arm64-0.25.5.tgz", { "os": "android", "cpu": "arm64" }, "sha512-VGzGhj4lJO+TVGV1v8ntCZWJktV7SGCs3Pn1GRWI1SBFtRALoomm8k5E9Pmwg3HOAal2VDc2F9+PM/rEY6oIDg=="],

    "@esbuild/android-x64": ["@esbuild/android-x64@0.25.5", "https://registry.npmmirror.com/@esbuild/android-x64/-/android-x64-0.25.5.tgz", { "os": "android", "cpu": "x64" }, "sha512-D2GyJT1kjvO//drbRT3Hib9XPwQeWd9vZoBJn+bu/lVsOZ13cqNdDeqIF/xQ5/VmWvMduP6AmXvylO/PIc2isw=="],

    "@esbuild/darwin-arm64": ["@esbuild/darwin-arm64@0.25.5", "https://registry.npmmirror.com/@esbuild/darwin-arm64/-/darwin-arm64-0.25.5.tgz", { "os": "darwin", "cpu": "arm64" }, "sha512-GtaBgammVvdF7aPIgH2jxMDdivezgFu6iKpmT+48+F8Hhg5J/sfnDieg0aeG/jfSvkYQU2/pceFPDKlqZzwnfQ=="],

    "@esbuild/darwin-x64": ["@esbuild/darwin-x64@0.25.5", "https://registry.npmmirror.com/@esbuild/darwin-x64/-/darwin-x64-0.25.5.tgz", { "os": "darwin", "cpu": "x64" }, "sha512-1iT4FVL0dJ76/q1wd7XDsXrSW+oLoquptvh4CLR4kITDtqi2e/xwXwdCVH8hVHU43wgJdsq7Gxuzcs6Iq/7bxQ=="],

    "@esbuild/freebsd-arm64": ["@esbuild/freebsd-arm64@0.25.5", "https://registry.npmmirror.com/@esbuild/freebsd-arm64/-/freebsd-arm64-0.25.5.tgz", { "os": "freebsd", "cpu": "arm64" }, "sha512-nk4tGP3JThz4La38Uy/gzyXtpkPW8zSAmoUhK9xKKXdBCzKODMc2adkB2+8om9BDYugz+uGV7sLmpTYzvmz6Sw=="],

    "@esbuild/freebsd-x64": ["@esbuild/freebsd-x64@0.25.5", "https://registry.npmmirror.com/@esbuild/freebsd-x64/-/freebsd-x64-0.25.5.tgz", { "os": "freebsd", "cpu": "x64" }, "sha512-PrikaNjiXdR2laW6OIjlbeuCPrPaAl0IwPIaRv+SMV8CiM8i2LqVUHFC1+8eORgWyY7yhQY+2U2fA55mBzReaw=="],

    "@esbuild/linux-arm": ["@esbuild/linux-arm@0.25.5", "https://registry.npmmirror.com/@esbuild/linux-arm/-/linux-arm-0.25.5.tgz", { "os": "linux", "cpu": "arm" }, "sha512-cPzojwW2okgh7ZlRpcBEtsX7WBuqbLrNXqLU89GxWbNt6uIg78ET82qifUy3W6OVww6ZWobWub5oqZOVtwolfw=="],

    "@esbuild/linux-arm64": ["@esbuild/linux-arm64@0.25.5", "https://registry.npmmirror.com/@esbuild/linux-arm64/-/linux-arm64-0.25.5.tgz", { "os": "linux", "cpu": "arm64" }, "sha512-Z9kfb1v6ZlGbWj8EJk9T6czVEjjq2ntSYLY2cw6pAZl4oKtfgQuS4HOq41M/BcoLPzrUbNd+R4BXFyH//nHxVg=="],

    "@esbuild/linux-ia32": ["@esbuild/linux-ia32@0.25.5", "https://registry.npmmirror.com/@esbuild/linux-ia32/-/linux-ia32-0.25.5.tgz", { "os": "linux", "cpu": "ia32" }, "sha512-sQ7l00M8bSv36GLV95BVAdhJ2QsIbCuCjh/uYrWiMQSUuV+LpXwIqhgJDcvMTj+VsQmqAHL2yYaasENvJ7CDKA=="],

    "@esbuild/linux-loong64": ["@esbuild/linux-loong64@0.25.5", "https://registry.npmmirror.com/@esbuild/linux-loong64/-/linux-loong64-0.25.5.tgz", { "os": "linux", "cpu": "none" }, "sha512-0ur7ae16hDUC4OL5iEnDb0tZHDxYmuQyhKhsPBV8f99f6Z9KQM02g33f93rNH5A30agMS46u2HP6qTdEt6Q1kg=="],

    "@esbuild/linux-mips64el": ["@esbuild/linux-mips64el@0.25.5", "https://registry.npmmirror.com/@esbuild/linux-mips64el/-/linux-mips64el-0.25.5.tgz", { "os": "linux", "cpu": "none" }, "sha512-kB/66P1OsHO5zLz0i6X0RxlQ+3cu0mkxS3TKFvkb5lin6uwZ/ttOkP3Z8lfR9mJOBk14ZwZ9182SIIWFGNmqmg=="],

    "@esbuild/linux-ppc64": ["@esbuild/linux-ppc64@0.25.5", "https://registry.npmmirror.com/@esbuild/linux-ppc64/-/linux-ppc64-0.25.5.tgz", { "os": "linux", "cpu": "ppc64" }, "sha512-UZCmJ7r9X2fe2D6jBmkLBMQetXPXIsZjQJCjgwpVDz+YMcS6oFR27alkgGv3Oqkv07bxdvw7fyB71/olceJhkQ=="],

    "@esbuild/linux-riscv64": ["@esbuild/linux-riscv64@0.25.5", "https://registry.npmmirror.com/@esbuild/linux-riscv64/-/linux-riscv64-0.25.5.tgz", { "os": "linux", "cpu": "none" }, "sha512-kTxwu4mLyeOlsVIFPfQo+fQJAV9mh24xL+y+Bm6ej067sYANjyEw1dNHmvoqxJUCMnkBdKpvOn0Ahql6+4VyeA=="],

    "@esbuild/linux-s390x": ["@esbuild/linux-s390x@0.25.5", "https://registry.npmmirror.com/@esbuild/linux-s390x/-/linux-s390x-0.25.5.tgz", { "os": "linux", "cpu": "s390x" }, "sha512-K2dSKTKfmdh78uJ3NcWFiqyRrimfdinS5ErLSn3vluHNeHVnBAFWC8a4X5N+7FgVE1EjXS1QDZbpqZBjfrqMTQ=="],

    "@esbuild/linux-x64": ["@esbuild/linux-x64@0.25.5", "https://registry.npmmirror.com/@esbuild/linux-x64/-/linux-x64-0.25.5.tgz", { "os": "linux", "cpu": "x64" }, "sha512-uhj8N2obKTE6pSZ+aMUbqq+1nXxNjZIIjCjGLfsWvVpy7gKCOL6rsY1MhRh9zLtUtAI7vpgLMK6DxjO8Qm9lJw=="],

    "@esbuild/netbsd-arm64": ["@esbuild/netbsd-arm64@0.25.5", "https://registry.npmmirror.com/@esbuild/netbsd-arm64/-/netbsd-arm64-0.25.5.tgz", { "os": "none", "cpu": "arm64" }, "sha512-pwHtMP9viAy1oHPvgxtOv+OkduK5ugofNTVDilIzBLpoWAM16r7b/mxBvfpuQDpRQFMfuVr5aLcn4yveGvBZvw=="],

    "@esbuild/netbsd-x64": ["@esbuild/netbsd-x64@0.25.5", "https://registry.npmmirror.com/@esbuild/netbsd-x64/-/netbsd-x64-0.25.5.tgz", { "os": "none", "cpu": "x64" }, "sha512-WOb5fKrvVTRMfWFNCroYWWklbnXH0Q5rZppjq0vQIdlsQKuw6mdSihwSo4RV/YdQ5UCKKvBy7/0ZZYLBZKIbwQ=="],

    "@esbuild/openbsd-arm64": ["@esbuild/openbsd-arm64@0.25.5", "https://registry.npmmirror.com/@esbuild/openbsd-arm64/-/openbsd-arm64-0.25.5.tgz", { "os": "openbsd", "cpu": "arm64" }, "sha512-7A208+uQKgTxHd0G0uqZO8UjK2R0DDb4fDmERtARjSHWxqMTye4Erz4zZafx7Di9Cv+lNHYuncAkiGFySoD+Mw=="],

    "@esbuild/openbsd-x64": ["@esbuild/openbsd-x64@0.25.5", "https://registry.npmmirror.com/@esbuild/openbsd-x64/-/openbsd-x64-0.25.5.tgz", { "os": "openbsd", "cpu": "x64" }, "sha512-G4hE405ErTWraiZ8UiSoesH8DaCsMm0Cay4fsFWOOUcz8b8rC6uCvnagr+gnioEjWn0wC+o1/TAHt+It+MpIMg=="],

    "@esbuild/sunos-x64": ["@esbuild/sunos-x64@0.25.5", "https://registry.npmmirror.com/@esbuild/sunos-x64/-/sunos-x64-0.25.5.tgz", { "os": "sunos", "cpu": "x64" }, "sha512-l+azKShMy7FxzY0Rj4RCt5VD/q8mG/e+mDivgspo+yL8zW7qEwctQ6YqKX34DTEleFAvCIUviCFX1SDZRSyMQA=="],

    "@esbuild/win32-arm64": ["@esbuild/win32-arm64@0.25.5", "https://registry.npmmirror.com/@esbuild/win32-arm64/-/win32-arm64-0.25.5.tgz", { "os": "win32", "cpu": "arm64" }, "sha512-O2S7SNZzdcFG7eFKgvwUEZ2VG9D/sn/eIiz8XRZ1Q/DO5a3s76Xv0mdBzVM5j5R639lXQmPmSo0iRpHqUUrsxw=="],

    "@esbuild/win32-ia32": ["@esbuild/win32-ia32@0.25.5", "https://registry.npmmirror.com/@esbuild/win32-ia32/-/win32-ia32-0.25.5.tgz", { "os": "win32", "cpu": "ia32" }, "sha512-onOJ02pqs9h1iMJ1PQphR+VZv8qBMQ77Klcsqv9CNW2w6yLqoURLcgERAIurY6QE63bbLuqgP9ATqajFLK5AMQ=="],

    "@esbuild/win32-x64": ["@esbuild/win32-x64@0.25.5", "https://registry.npmmirror.com/@esbuild/win32-x64/-/win32-x64-0.25.5.tgz", { "os": "win32", "cpu": "x64" }, "sha512-TXv6YnJ8ZMVdX+SXWVBo/0p8LTcrUYngpWjvm91TMjjBQii7Oz11Lw5lbDV5Y0TzuhSJHwiH4hEtC1I42mMS0g=="],

    "@jridgewell/gen-mapping": ["@jridgewell/gen-mapping@0.3.13", "https://registry.npmmirror.com/@jridgewell/gen-mapping/-/gen-mapping-0.3.13.tgz", { "dependencies": { "@jridgewell/sourcemap-codec": "^1.5.0", "@jridgewell/trace-mapping": "^0.3.24" } }, "sha512-2kkt/7niJ6MgEPxF0bYdQ6etZaA+fQvDcLKckhy1yIQOzaoKjBBjSj63/aLVjYE3qhRt5dvM+uUyfCg6UKCBbA=="],

    "@jridgewell/resolve-uri": ["@jridgewell/resolve-uri@3.1.2", "https://registry.npmmirror.com/@jridgewell/resolve-uri/-/resolve-uri-3.1.2.tgz", {}, "sha512-bRISgCIjP20/tbWSPWMEi54QVPRZExkuD9lJL+UIxUKtwVJA8wW1Trb1jMs1RFXo1CBTNZ/5hpC9QvmKWdopKw=="],

    "@jridgewell/sourcemap-codec": ["@jridgewell/sourcemap-codec@1.5.5", "https://registry.npmmirror.com/@jridgewell/sourcemap-codec/-/sourcemap-codec-1.5.5.tgz", {}, "sha512-cYQ9310grqxueWbl+WuIUIaiUaDcj7WOq5fVhEljNVgRfOUhY9fy2zTvfoqWsnebh8Sl70VScFbICvJnLKB0Og=="],

    "@jridgewell/trace-mapping": ["@jridgewell/trace-mapping@0.3.30", "https://registry.npmmirror.com/@jridgewell/trace-mapping/-/trace-mapping-0.3.30.tgz", { "dependencies": { "@jridgewell/resolve-uri": "^3.1.0", "@jridgewell/sourcemap-codec": "^1.4.14" } }, "sha512-GQ7Nw5G2lTu/BtHTKfXhKHok2WGetd4XYcVKGx00SjAk8GMwgJM3zr6zORiPGuOE+/vkc90KtTosSSvaCjKb2Q=="],

    "@napi-rs/wasm-runtime": ["@napi-rs/wasm-runtime@1.1.0", "https://registry.npmmirror.com/@napi-rs/wasm-runtime/-/wasm-runtime-1.1.0.tgz", { "dependencies": { "@emnapi/core": "^1.7.1", "@emnapi/runtime": "^1.7.1", "@tybys/wasm-util": "^0.10.1" } }, "sha512-Fq6DJW+Bb5jaWE69/qOE0D1TUN9+6uWhCeZpdnSBk14pjLcCWR7Q8n49PTSPHazM37JqrsdpEthXy2xn6jWWiA=="],

    "@oxc-project/runtime": ["@oxc-project/runtime@0.101.0", "https://registry.npmmirror.com/@oxc-project/runtime/-/runtime-0.101.0.tgz", {}, "sha512-t3qpfVZIqSiLQ5Kqt/MC4Ge/WCOGrrcagAdzTcDaggupjiGxUx4nJF2v6wUCXWSzWHn5Ns7XLv13fCJEwCOERQ=="],

    "@oxc-project/types": ["@oxc-project/types@0.101.0", "https://registry.npmmirror.com/@oxc-project/types/-/types-0.101.0.tgz", {}, "sha512-nuFhqlUzJX+gVIPPfuE6xurd4lST3mdcWOhyK/rZO0B9XWMKm79SuszIQEnSMmmDhq1DC8WWVYGVd+6F93o1gQ=="],

    "@oxlint/darwin-arm64": ["@oxlint/darwin-arm64@1.31.0", "https://registry.npmmirror.com/@oxlint/darwin-arm64/-/darwin-arm64-1.31.0.tgz", { "os": "darwin", "cpu": "arm64" }, "sha512-HqoYNH5WFZRdqGUROTFGOdBcA9y/YdHNoR/ujlyVO53it+q96dujbgKEvlff/WEuo4LbDKBrKLWKTKvOd/VYdg=="],

    "@oxlint/darwin-x64": ["@oxlint/darwin-x64@1.31.0", "https://registry.npmmirror.com/@oxlint/darwin-x64/-/darwin-x64-1.31.0.tgz", { "os": "darwin", "cpu": "x64" }, "sha512-gNq+JQXBCkYKQhmJEgSNjuPqmdL8yBEX3v0sueLH3g5ym4OIrNO7ml1M7xzCs0zhINQCR9MsjMJMyBNaF1ed+g=="],

    "@oxlint/linux-arm64-gnu": ["@oxlint/linux-arm64-gnu@1.31.0", "https://registry.npmmirror.com/@oxlint/linux-arm64-gnu/-/linux-arm64-gnu-1.31.0.tgz", { "os": "linux", "cpu": "arm64" }, "sha512-cRmttpr3yHPwbrvtPNlv+0Zw2Oeh0cU902iMI4fFW9ylbW/vUAcz6DvzGMCYZbII8VDiwQ453SV5AA8xBgMbmw=="],

    "@oxlint/linux-arm64-musl": ["@oxlint/linux-arm64-musl@1.31.0", "https://registry.npmmirror.com/@oxlint/linux-arm64-musl/-/linux-arm64-musl-1.31.0.tgz", { "os": "linux", "cpu": "arm64" }, "sha512-0p7vn0hdMdNPIUzemw8f1zZ2rRZ/963EkK3o4P0KUXOPgleo+J9ZIPH7gcHSHtyrNaBifN03wET1rH4SuWQYnA=="],

    "@oxlint/linux-x64-gnu": ["@oxlint/linux-x64-gnu@1.31.0", "https://registry.npmmirror.com/@oxlint/linux-x64-gnu/-/linux-x64-gnu-1.31.0.tgz", { "os": "linux", "cpu": "x64" }, "sha512-vNIbpSwQ4dwN0CUmojG7Y91O3CXOf0Kno7DSTshk/JJR4+u8HNVuYVjX2qBRk0OMc4wscJbEd7wJCl0VJOoCOw=="],

    "@oxlint/linux-x64-musl": ["@oxlint/linux-x64-musl@1.31.0", "https://registry.npmmirror.com/@oxlint/linux-x64-musl/-/linux-x64-musl-1.31.0.tgz", { "os": "linux", "cpu": "x64" }, "sha512-4avnH09FJRTOT2cULdDPG0s14C+Ku4cnbNye6XO7rsiX6Bprz+aQblLA+1WLOr7UfC/0zF+jnZ9K5VyBBJy9Kw=="],

    "@oxlint/win32-arm64": ["@oxlint/win32-arm64@1.31.0", "https://registry.npmmirror.com/@oxlint/win32-arm64/-/win32-arm64-1.31.0.tgz", { "os": "win32", "cpu": "arm64" }, "sha512-mQaD5H93OUpxiGjC518t5wLQikf0Ur5mQEKO2VoTlkp01gqmrQ+hyCLOzABlsAIAeDJD58S9JwNOw4KFFnrqdw=="],

    "@oxlint/win32-x64": ["@oxlint/win32-x64@1.31.0", "https://registry.npmmirror.com/@oxlint/win32-x64/-/win32-x64-1.31.0.tgz", { "os": "win32", "cpu": "x64" }, "sha512-AS/h58HfloccRlVs7P3zbyZfxNS62JuE8/3fYGjkiRlR1ZoDxdqmz5QgLEn+YxxFUTMmclGAPMFHg9z2Pk315A=="],

    "@quansync/fs": ["@quansync/fs@1.0.0", "https://registry.npmmirror.com/@quansync/fs/-/fs-1.0.0.tgz", { "dependencies": { "quansync": "^1.0.0" } }, "sha512-4TJ3DFtlf1L5LDMaM6CanJ/0lckGNtJcMjQ1NAV6zDmA0tEHKZtxNKin8EgPaVX1YzljbxckyT2tJrpQKAtngQ=="],

    "@rolldown/binding-android-arm64": ["@rolldown/binding-android-arm64@1.0.0-beta.53", "https://registry.npmmirror.com/@rolldown/binding-android-arm64/-/binding-android-arm64-1.0.0-beta.53.tgz", { "os": "android", "cpu": "arm64" }, "sha512-Ok9V8o7o6YfSdTTYA/uHH30r3YtOxLD6G3wih/U9DO0ucBBFq8WPt/DslU53OgfteLRHITZny9N/qCUxMf9kjQ=="],

    "@rolldown/binding-darwin-arm64": ["@rolldown/binding-darwin-arm64@1.0.0-beta.53", "https://registry.npmmirror.com/@rolldown/binding-darwin-arm64/-/binding-darwin-arm64-1.0.0-beta.53.tgz", { "os": "darwin", "cpu": "arm64" }, "sha512-yIsKqMz0CtRnVa6x3Pa+mzTihr4Ty+Z6HfPbZ7RVbk1Uxnco4+CUn7Qbm/5SBol1JD/7nvY8rphAgyAi7Lj6Vg=="],

    "@rolldown/binding-darwin-x64": ["@rolldown/binding-darwin-x64@1.0.0-beta.53", "https://registry.npmmirror.com/@rolldown/binding-darwin-x64/-/binding-darwin-x64-1.0.0-beta.53.tgz", { "os": "darwin", "cpu": "x64" }, "sha512-GTXe+mxsCGUnJOFMhfGWmefP7Q9TpYUseHvhAhr21nCTgdS8jPsvirb0tJwM3lN0/u/cg7bpFNa16fQrjKrCjQ=="],

    "@rolldown/binding-freebsd-x64": ["@rolldown/binding-freebsd-x64@1.0.0-beta.53", "https://registry.npmmirror.com/@rolldown/binding-freebsd-x64/-/binding-freebsd-x64-1.0.0-beta.53.tgz", { "os": "freebsd", "cpu": "x64" }, "sha512-9Tmp7bBvKqyDkMcL4e089pH3RsjD3SUungjmqWtyhNOxoQMh0fSmINTyYV8KXtE+JkxYMPWvnEt+/mfpVCkk8w=="],

    "@rolldown/binding-linux-arm-gnueabihf": ["@rolldown/binding-linux-arm-gnueabihf@1.0.0-beta.53", "https://registry.npmmirror.com/@rolldown/binding-linux-arm-gnueabihf/-/binding-linux-arm-gnueabihf-1.0.0-beta.53.tgz", { "os": "linux", "cpu": "arm" }, "sha512-a1y5fiB0iovuzdbjUxa7+Zcvgv+mTmlGGC4XydVIsyl48eoxgaYkA3l9079hyTyhECsPq+mbr0gVQsFU11OJAQ=="],

    "@rolldown/binding-linux-arm64-gnu": ["@rolldown/binding-linux-arm64-gnu@1.0.0-beta.53", "https://registry.npmmirror.com/@rolldown/binding-linux-arm64-gnu/-/binding-linux-arm64-gnu-1.0.0-beta.53.tgz", { "os": "linux", "cpu": "arm64" }, "sha512-bpIGX+ov9PhJYV+wHNXl9rzq4F0QvILiURn0y0oepbQx+7stmQsKA0DhPGwmhfvF856wq+gbM8L92SAa/CBcLg=="],

    "@rolldown/binding-linux-arm64-musl": ["@rolldown/binding-linux-arm64-musl@1.0.0-beta.53", "https://registry.npmmirror.com/@rolldown/binding-linux-arm64-musl/-/binding-linux-arm64-musl-1.0.0-beta.53.tgz", { "os": "linux", "cpu": "arm64" }, "sha512-bGe5EBB8FVjHBR1mOLOPEFg1Lp3//7geqWkU5NIhxe+yH0W8FVrQ6WRYOap4SUTKdklD/dC4qPLREkMMQ855FA=="],

    "@rolldown/binding-linux-x64-gnu": ["@rolldown/binding-linux-x64-gnu@1.0.0-beta.53", "https://registry.npmmirror.com/@rolldown/binding-linux-x64-gnu/-/binding-linux-x64-gnu-1.0.0-beta.53.tgz", { "os": "linux", "cpu": "x64" }, "sha512-qL+63WKVQs1CMvFedlPt0U9PiEKJOAL/bsHMKUDS6Vp2Q+YAv/QLPu8rcvkfIMvQ0FPU2WL0aX4eWwF6e/GAnA=="],

    "@rolldown/binding-linux-x64-musl": ["@rolldown/binding-linux-x64-musl@1.0.0-beta.53", "https://registry.npmmirror.com/@rolldown/binding-linux-x64-musl/-/binding-linux-x64-musl-1.0.0-beta.53.tgz", { "os": "linux", "cpu": "x64" }, "sha512-VGl9JIGjoJh3H8Mb+7xnVqODajBmrdOOb9lxWXdcmxyI+zjB2sux69br0hZJDTyLJfvBoYm439zPACYbCjGRmw=="],

    "@rolldown/binding-openharmony-arm64": ["@rolldown/binding-openharmony-arm64@1.0.0-beta.53", "https://registry.npmmirror.com/@rolldown/binding-openharmony-arm64/-/binding-openharmony-arm64-1.0.0-beta.53.tgz", { "os": "none", "cpu": "arm64" }, "sha512-B4iIserJXuSnNzA5xBLFUIjTfhNy7d9sq4FUMQY3GhQWGVhS2RWWzzDnkSU6MUt7/aHUrep0CdQfXUJI9D3W7A=="],

    "@rolldown/binding-wasm32-wasi": ["@rolldown/binding-wasm32-wasi@1.0.0-beta.53", "https://registry.npmmirror.com/@rolldown/binding-wasm32-wasi/-/binding-wasm32-wasi-1.0.0-beta.53.tgz", { "dependencies": { "@napi-rs/wasm-runtime": "^1.1.0" }, "cpu": "none" }, "sha512-BUjAEgpABEJXilGq/BPh7jeU3WAJ5o15c1ZEgHaDWSz3LB881LQZnbNJHmUiM4d1JQWMYYyR1Y490IBHi2FPJg=="],

    "@rolldown/binding-win32-arm64-msvc": ["@rolldown/binding-win32-arm64-msvc@1.0.0-beta.53", "https://registry.npmmirror.com/@rolldown/binding-win32-arm64-msvc/-/binding-win32-arm64-msvc-1.0.0-beta.53.tgz", { "os": "win32", "cpu": "arm64" }, "sha512-s27uU7tpCWSjHBnxyVXHt3rMrQdJq5MHNv3BzsewCIroIw3DJFjMH1dzCPPMUFxnh1r52Nf9IJ/eWp6LDoyGcw=="],

    "@rolldown/binding-win32-x64-msvc": ["@rolldown/binding-win32-x64-msvc@1.0.0-beta.53", "https://registry.npmmirror.com/@rolldown/binding-win32-x64-msvc/-/binding-win32-x64-msvc-1.0.0-beta.53.tgz", { "os": "win32", "cpu": "x64" }, "sha512-cjWL/USPJ1g0en2htb4ssMjIycc36RvdQAx1WlXnS6DpULswiUTVXPDesTifSKYSyvx24E0YqQkEm0K/M2Z/AA=="],

    "@rolldown/pluginutils": ["@rolldown/pluginutils@1.0.0-beta.53", "https://registry.npmmirror.com/@rolldown/pluginutils/-/pluginutils-1.0.0-beta.53.tgz", {}, "sha512-vENRlFU4YbrwVqNDZ7fLvy+JR1CRkyr01jhSiDpE1u6py3OMzQfztQU2jxykW3ALNxO4kSlqIDeYyD0Y9RcQeQ=="],

    "@rollup/rollup-android-arm-eabi": ["@rollup/rollup-android-arm-eabi@4.48.0", "https://registry.npmmirror.com/@rollup/rollup-android-arm-eabi/-/rollup-android-arm-eabi-4.48.0.tgz", { "os": "android", "cpu": "arm" }, "sha512-aVzKH922ogVAWkKiyKXorjYymz2084zrhrZRXtLrA5eEx5SO8Dj0c/4FpCHZyn7MKzhW2pW4tK28vVr+5oQ2xw=="],

    "@rollup/rollup-android-arm64": ["@rollup/rollup-android-arm64@4.48.0", "https://registry.npmmirror.com/@rollup/rollup-android-arm64/-/rollup-android-arm64-4.48.0.tgz", { "os": "android", "cpu": "arm64" }, "sha512-diOdQuw43xTa1RddAFbhIA8toirSzFMcnIg8kvlzRbK26xqEnKJ/vqQnghTAajy2Dcy42v+GMPMo6jq67od+Dw=="],

    "@rollup/rollup-darwin-arm64": ["@rollup/rollup-darwin-arm64@4.48.0", "https://registry.npmmirror.com/@rollup/rollup-darwin-arm64/-/rollup-darwin-arm64-4.48.0.tgz", { "os": "darwin", "cpu": "arm64" }, "sha512-QhR2KA18fPlJWFefySJPDYZELaVqIUVnYgAOdtJ+B/uH96CFg2l1TQpX19XpUMWUqMyIiyY45wje8K6F4w4/CA=="],

    "@rollup/rollup-darwin-x64": ["@rollup/rollup-darwin-x64@4.48.0", "https://registry.npmmirror.com/@rollup/rollup-darwin-x64/-/rollup-darwin-x64-4.48.0.tgz", { "os": "darwin", "cpu": "x64" }, "sha512-Q9RMXnQVJ5S1SYpNSTwXDpoQLgJ/fbInWOyjbCnnqTElEyeNvLAB3QvG5xmMQMhFN74bB5ZZJYkKaFPcOG8sGg=="],

    "@rollup/rollup-freebsd-arm64": ["@rollup/rollup-freebsd-arm64@4.48.0", "https://registry.npmmirror.com/@rollup/rollup-freebsd-arm64/-/rollup-freebsd-arm64-4.48.0.tgz", { "os": "freebsd", "cpu": "arm64" }, "sha512-3jzOhHWM8O8PSfyft+ghXZfBkZawQA0PUGtadKYxFqpcYlOYjTi06WsnYBsbMHLawr+4uWirLlbhcYLHDXR16w=="],

    "@rollup/rollup-freebsd-x64": ["@rollup/rollup-freebsd-x64@4.48.0", "https://registry.npmmirror.com/@rollup/rollup-freebsd-x64/-/rollup-freebsd-x64-4.48.0.tgz", { "os": "freebsd", "cpu": "x64" }, "sha512-NcD5uVUmE73C/TPJqf78hInZmiSBsDpz3iD5MF/BuB+qzm4ooF2S1HfeTChj5K4AV3y19FFPgxonsxiEpy8v/A=="],

    "@rollup/rollup-linux-arm-gnueabihf": ["@rollup/rollup-linux-arm-gnueabihf@4.48.0", "https://registry.npmmirror.com/@rollup/rollup-linux-arm-gnueabihf/-/rollup-linux-arm-gnueabihf-4.48.0.tgz", { "os": "linux", "cpu": "arm" }, "sha512-JWnrj8qZgLWRNHr7NbpdnrQ8kcg09EBBq8jVOjmtlB3c8C6IrynAJSMhMVGME4YfTJzIkJqvSUSVJRqkDnu/aA=="],

    "@rollup/rollup-linux-arm-musleabihf": ["@rollup/rollup-linux-arm-musleabihf@4.48.0", "https://registry.npmmirror.com/@rollup/rollup-linux-arm-musleabihf/-/rollup-linux-arm-musleabihf-4.48.0.tgz", { "os": "linux", "cpu": "arm" }, "sha512-9xu92F0TxuMH0tD6tG3+GtngwdgSf8Bnz+YcsPG91/r5Vgh5LNofO48jV55priA95p3c92FLmPM7CvsVlnSbGQ=="],

    "@rollup/rollup-linux-arm64-gnu": ["@rollup/rollup-linux-arm64-gnu@4.48.0", "https://registry.npmmirror.com/@rollup/rollup-linux-arm64-gnu/-/rollup-linux-arm64-gnu-4.48.0.tgz", { "os": "linux", "cpu": "arm64" }, "sha512-NLtvJB5YpWn7jlp1rJiY0s+G1Z1IVmkDuiywiqUhh96MIraC0n7XQc2SZ1CZz14shqkM+XN2UrfIo7JB6UufOA=="],

    "@rollup/rollup-linux-arm64-musl": ["@rollup/rollup-linux-arm64-musl@4.48.0", "https://registry.npmmirror.com/@rollup/rollup-linux-arm64-musl/-/rollup-linux-arm64-musl-4.48.0.tgz", { "os": "linux", "cpu": "arm64" }, "sha512-QJ4hCOnz2SXgCh+HmpvZkM+0NSGcZACyYS8DGbWn2PbmA0e5xUk4bIP8eqJyNXLtyB4gZ3/XyvKtQ1IFH671vQ=="],

    "@rollup/rollup-linux-loongarch64-gnu": ["@rollup/rollup-linux-loongarch64-gnu@4.48.0", "https://registry.npmmirror.com/@rollup/rollup-linux-loongarch64-gnu/-/rollup-linux-loongarch64-gnu-4.48.0.tgz", { "os": "linux", "cpu": "none" }, "sha512-Pk0qlGJnhILdIC5zSKQnprFjrGmjfDM7TPZ0FKJxRkoo+kgMRAg4ps1VlTZf8u2vohSicLg7NP+cA5qE96PaFg=="],

    "@rollup/rollup-linux-ppc64-gnu": ["@rollup/rollup-linux-ppc64-gnu@4.48.0", "https://registry.npmmirror.com/@rollup/rollup-linux-ppc64-gnu/-/rollup-linux-ppc64-gnu-4.48.0.tgz", { "os": "linux", "cpu": "ppc64" }, "sha512-/dNFc6rTpoOzgp5GKoYjT6uLo8okR/Chi2ECOmCZiS4oqh3mc95pThWma7Bgyk6/WTEvjDINpiBCuecPLOgBLQ=="],

    "@rollup/rollup-linux-riscv64-gnu": ["@rollup/rollup-linux-riscv64-gnu@4.48.0", "https://registry.npmmirror.com/@rollup/rollup-linux-riscv64-gnu/-/rollup-linux-riscv64-gnu-4.48.0.tgz", { "os": "linux", "cpu": "none" }, "sha512-YBwXsvsFI8CVA4ej+bJF2d9uAeIiSkqKSPQNn0Wyh4eMDY4wxuSp71BauPjQNCKK2tD2/ksJ7uhJ8X/PVY9bHQ=="],

    "@rollup/rollup-linux-riscv64-musl": ["@rollup/rollup-linux-riscv64-musl@4.48.0", "https://registry.npmmirror.com/@rollup/rollup-linux-riscv64-musl/-/rollup-linux-riscv64-musl-4.48.0.tgz", { "os": "linux", "cpu": "none" }, "sha512-FI3Rr2aGAtl1aHzbkBIamsQyuauYtTF9SDUJ8n2wMXuuxwchC3QkumZa1TEXYIv/1AUp1a25Kwy6ONArvnyeVQ=="],

    "@rollup/rollup-linux-s390x-gnu": ["@rollup/rollup-linux-s390x-gnu@4.48.0", "https://registry.npmmirror.com/@rollup/rollup-linux-s390x-gnu/-/rollup-linux-s390x-gnu-4.48.0.tgz", { "os": "linux", "cpu": "s390x" }, "sha512-Dx7qH0/rvNNFmCcIRe1pyQ9/H0XO4v/f0SDoafwRYwc2J7bJZ5N4CHL/cdjamISZ5Cgnon6iazAVRFlxSoHQnQ=="],

    "@rollup/rollup-linux-x64-gnu": ["@rollup/rollup-linux-x64-gnu@4.48.0", "https://registry.npmmirror.com/@rollup/rollup-linux-x64-gnu/-/rollup-linux-x64-gnu-4.48.0.tgz", { "os": "linux", "cpu": "x64" }, "sha512-GUdZKTeKBq9WmEBzvFYuC88yk26vT66lQV8D5+9TgkfbewhLaTHRNATyzpQwwbHIfJvDJ3N9WJ90wK/uR3cy3Q=="],

    "@rollup/rollup-linux-x64-musl": ["@rollup/rollup-linux-x64-musl@4.48.0", "https://registry.npmmirror.com/@rollup/rollup-linux-x64-musl/-/rollup-linux-x64-musl-4.48.0.tgz", { "os": "linux", "cpu": "x64" }, "sha512-ao58Adz/v14MWpQgYAb4a4h3fdw73DrDGtaiF7Opds5wNyEQwtO6M9dBh89nke0yoZzzaegq6J/EXs7eBebG8A=="],

    "@rollup/rollup-win32-arm64-msvc": ["@rollup/rollup-win32-arm64-msvc@4.48.0", "https://registry.npmmirror.com/@rollup/rollup-win32-arm64-msvc/-/rollup-win32-arm64-msvc-4.48.0.tgz", { "os": "win32", "cpu": "arm64" }, "sha512-kpFno46bHtjZVdRIOxqaGeiABiToo2J+st7Yce+aiAoo1H0xPi2keyQIP04n2JjDVuxBN6bSz9R6RdTK5hIppw=="],

    "@rollup/rollup-win32-ia32-msvc": ["@rollup/rollup-win32-ia32-msvc@4.48.0", "https://registry.npmmirror.com/@rollup/rollup-win32-ia32-msvc/-/rollup-win32-ia32-msvc-4.48.0.tgz", { "os": "win32", "cpu": "ia32" }, "sha512-rFYrk4lLk9YUTIeihnQMiwMr6gDhGGSbWThPEDfBoU/HdAtOzPXeexKi7yU8jO+LWRKnmqPN9NviHQf6GDwBcQ=="],

    "@rollup/rollup-win32-x64-msvc": ["@rollup/rollup-win32-x64-msvc@4.48.0", "https://registry.npmmirror.com/@rollup/rollup-win32-x64-msvc/-/rollup-win32-x64-msvc-4.48.0.tgz", { "os": "win32", "cpu": "x64" }, "sha512-sq0hHLTgdtwOPDB5SJOuaoHyiP1qSwg+71TQWk8iDS04bW1wIE0oQ6otPiRj2ZvLYNASLMaTp8QRGUVZ+5OL5A=="],

    "@subframe7536/type-utils": ["@subframe7536/type-utils@0.2.0", "https://registry.npmmirror.com/@subframe7536/type-utils/-/type-utils-0.2.0.tgz", {}, "sha512-5OmY4NfRPBVcsVReZLU1sh7bZppZUWFnnN2ybjOQS7i2suOR1ds3qsFJmZNLpWV5gLmL0RVAmHgMQU0salMJOw=="],

    "@tybys/wasm-util": ["@tybys/wasm-util@0.10.1", "https://registry.npmmirror.com/@tybys/wasm-util/-/wasm-util-0.10.1.tgz", { "dependencies": { "tslib": "^2.4.0" } }, "sha512-9tTaPJLSiejZKx+Bmog4uSubteqTvFrVrURwkmHixBo0G4seD0zUxp98E1DzUBJxLQ3NPwXrGKDiVjwx/DpPsg=="],

    "@types/estree": ["@types/estree@1.0.8", "https://registry.npmmirror.com/@types/estree/-/estree-1.0.8.tgz", {}, "sha512-dWHzHa2WqEXI/O1E9OjrocMTKJl2mSrEolh1Iomrv6U+JuNwaHXsXx9bLu5gG7BUWFIN0skIQJQ/L1rIex4X6w=="],

    "ansis": ["ansis@4.1.0", "https://registry.npmmirror.com/ansis/-/ansis-4.1.0.tgz", {}, "sha512-BGcItUBWSMRgOCe+SVZJ+S7yTRG0eGt9cXAHev72yuGcY23hnLA7Bky5L/xLyPINoSN95geovfBkqoTlNZYa7w=="],

    "args-tokenizer": ["args-tokenizer@0.3.0", "https://registry.npmmirror.com/args-tokenizer/-/args-tokenizer-0.3.0.tgz", {}, "sha512-xXAd7G2Mll5W8uo37GETpQ2VrE84M181Z7ugHFGQnJZ50M2mbOv0osSZ9VsSgPfJQ+LVG0prSi0th+ELMsno7Q=="],

    "ast-kit": ["ast-kit@2.2.0", "https://registry.npmmirror.com/ast-kit/-/ast-kit-2.2.0.tgz", { "dependencies": { "@babel/parser": "^7.28.5", "pathe": "^2.0.3" } }, "sha512-m1Q/RaVOnTp9JxPX+F+Zn7IcLYMzM8kZofDImfsKZd8MbR+ikdOzTeztStWqfrqIxZnYWryyI9ePm3NGjnZgGw=="],

    "birpc": ["birpc@3.0.0", "https://registry.npmmirror.com/birpc/-/birpc-3.0.0.tgz", {}, "sha512-by+04pHuxpCEQcucAXqzopqfhyI8TLK5Qg5MST0cB6MP+JhHna9ollrtK9moVh27aq6Q6MEJgebD0cVm//yBkg=="],

    "bumpp": ["bumpp@10.2.3", "https://registry.npmmirror.com/bumpp/-/bumpp-10.2.3.tgz", { "dependencies": { "ansis": "^4.1.0", "args-tokenizer": "^0.3.0", "c12": "^3.2.0", "cac": "^6.7.14", "escalade": "^3.2.0", "jsonc-parser": "^3.3.1", "package-manager-detector": "^1.3.0", "semver": "^7.7.2", "tinyexec": "^1.0.1", "tinyglobby": "^0.2.14", "yaml": "^2.8.1" }, "bin": { "bumpp": "bin/bumpp.mjs" } }, "sha512-nsFBZACxuBVu6yzDSaZZaWpX5hTQ+++9WtYkmO+0Bd3cpSq0Mzvqw5V83n+fOyRj3dYuZRFCQf5Z9NNfZj+Rnw=="],

    "c12": ["c12@3.2.0", "https://registry.npmmirror.com/c12/-/c12-3.2.0.tgz", { "dependencies": { "chokidar": "^4.0.3", "confbox": "^0.2.2", "defu": "^6.1.4", "dotenv": "^17.2.1", "exsolve": "^1.0.7", "giget": "^2.0.0", "jiti": "^2.5.1", "ohash": "^2.0.11", "pathe": "^2.0.3", "perfect-debounce": "^1.0.0", "pkg-types": "^2.2.0", "rc9": "^2.1.2" }, "peerDependencies": { "magicast": "^0.3.5" }, "optionalPeers": ["magicast"] }, "sha512-ixkEtbYafL56E6HiFuonMm1ZjoKtIo7TH68/uiEq4DAwv9NcUX2nJ95F8TrbMeNjqIkZpruo3ojXQJ+MGG5gcQ=="],

    "cac": ["cac@6.7.14", "https://registry.npmmirror.com/cac/-/cac-6.7.14.tgz", {}, "sha512-b6Ilus+c3RrdDk+JhLKUAQfzzgLEPy6wcXqS7f/xe1EETvsDP6GORG7SFuOs6cID5YkqchW/LXZbX5bc8j7ZcQ=="],

    "chokidar": ["chokidar@4.0.3", "https://registry.npmmirror.com/chokidar/-/chokidar-4.0.3.tgz", { "dependencies": { "readdirp": "^4.0.1" } }, "sha512-Qgzu8kfBvo+cA4962jnP1KkS6Dop5NS6g7R5LFYJr4b8Ub94PPQXUksCw9PvXoeXPRRddRNC5C1JQUR2SMGtnA=="],

    "citty": ["citty@0.1.6", "https://registry.npmmirror.com/citty/-/citty-0.1.6.tgz", { "dependencies": { "consola": "^3.2.3" } }, "sha512-tskPPKEs8D2KPafUypv2gxwJP8h/OaJmC82QQGGDQcHvXX43xF2VDACcJVmZ0EuSxkpO9Kc4MlrA3q0+FG58AQ=="],

    "confbox": ["confbox@0.2.2", "https://registry.npmmirror.com/confbox/-/confbox-0.2.2.tgz", {}, "sha512-1NB+BKqhtNipMsov4xI/NnhCKp9XG9NamYp5PVm9klAT0fsrNPjaFICsCFhNhwZJKNh7zB/3q8qXz0E9oaMNtQ=="],

    "consola": ["consola@3.4.2", "https://registry.npmmirror.com/consola/-/consola-3.4.2.tgz", {}, "sha512-5IKcdX0nnYavi6G7TtOhwkYzyjfJlatbjMjuLSfE2kYT5pMDOilZ4OvMhi637CcDICTmz3wARPoyhqyX1Y+XvA=="],

    "defu": ["defu@6.1.4", "https://registry.npmmirror.com/defu/-/defu-6.1.4.tgz", {}, "sha512-mEQCMmwJu317oSz8CwdIOdwf3xMif1ttiM8LTufzc3g6kR+9Pe236twL8j3IYT1F7GfRgGcW6MWxzZjLIkuHIg=="],

    "destr": ["destr@2.0.5", "https://registry.npmmirror.com/destr/-/destr-2.0.5.tgz", {}, "sha512-ugFTXCtDZunbzasqBxrK93Ik/DRYsO6S/fedkWEMKqt04xZ4csmnmwGDBAb07QWNaGMAmnTIemsYZCksjATwsA=="],

    "dotenv": ["dotenv@17.2.1", "https://registry.npmmirror.com/dotenv/-/dotenv-17.2.1.tgz", {}, "sha512-kQhDYKZecqnM0fCnzI5eIv5L4cAe/iRI+HqMbO/hbRdTAeXDG+M9FjipUxNfbARuEg4iHIbhnhs78BCHNbSxEQ=="],

    "dts-resolver": ["dts-resolver@2.1.3", "https://registry.npmmirror.com/dts-resolver/-/dts-resolver-2.1.3.tgz", { "peerDependencies": { "oxc-resolver": ">=11.0.0" }, "optionalPeers": ["oxc-resolver"] }, "sha512-bihc7jPC90VrosXNzK0LTE2cuLP6jr0Ro8jk+kMugHReJVLIpHz/xadeq3MhuwyO4TD4OA3L1Q8pBBFRc08Tsw=="],

    "empathic": ["empathic@2.0.0", "https://registry.npmmirror.com/empathic/-/empathic-2.0.0.tgz", {}, "sha512-i6UzDscO/XfAcNYD75CfICkmfLedpyPDdozrLMmQc5ORaQcdMoc21OnlEylMIqI7U8eniKrPMxxtj8k0vhmJhA=="],

    "esbuild": ["esbuild@0.25.5", "https://registry.npmmirror.com/esbuild/-/esbuild-0.25.5.tgz", { "optionalDependencies": { "@esbuild/aix-ppc64": "0.25.5", "@esbuild/android-arm": "0.25.5", "@esbuild/android-arm64": "0.25.5", "@esbuild/android-x64": "0.25.5", "@esbuild/darwin-arm64": "0.25.5", "@esbuild/darwin-x64": "0.25.5", "@esbuild/freebsd-arm64": "0.25.5", "@esbuild/freebsd-x64": "0.25.5", "@esbuild/linux-arm": "0.25.5", "@esbuild/linux-arm64": "0.25.5", "@esbuild/linux-ia32": "0.25.5", "@esbuild/linux-loong64": "0.25.5", "@esbuild/linux-mips64el": "0.25.5", "@esbuild/linux-ppc64": "0.25.5", "@esbuild/linux-riscv64": "0.25.5", "@esbuild/linux-s390x": "0.25.5", "@esbuild/linux-x64": "0.25.5", "@esbuild/netbsd-arm64": "0.25.5", "@esbuild/netbsd-x64": "0.25.5", "@esbuild/openbsd-arm64": "0.25.5", "@esbuild/openbsd-x64": "0.25.5", "@esbuild/sunos-x64": "0.25.5", "@esbuild/win32-arm64": "0.25.5", "@esbuild/win32-ia32": "0.25.5", "@esbuild/win32-x64": "0.25.5" }, "bin": { "esbuild": "bin/esbuild" } }, "sha512-P8OtKZRv/5J5hhz0cUAdu/cLuPIKXpQl1R9pZtvmHWQvrAUVd0UNIPT4IB4W3rNOqVO0rlqHmCIbSwxh/c9yUQ=="],

    "escalade": ["escalade@3.2.0", "https://registry.npmmirror.com/escalade/-/escalade-3.2.0.tgz", {}, "sha512-WUj2qlxaQtO4g6Pq5c29GTcWGDyd8itL8zTlipgECz3JesAiiOKotd8JU6otB3PACgG6xkJUyVhboMS+bje/jA=="],

    "exsolve": ["exsolve@1.0.7", "https://registry.npmmirror.com/exsolve/-/exsolve-1.0.7.tgz", {}, "sha512-VO5fQUzZtI6C+vx4w/4BWJpg3s/5l+6pRQEHzFRM8WFi4XffSP1Z+4qi7GbjWbvRQEbdIco5mIMq+zX4rPuLrw=="],

    "fdir": ["fdir@6.5.0", "https://registry.npmmirror.com/fdir/-/fdir-6.5.0.tgz", { "peerDependencies": { "picomatch": "^3 || ^4" }, "optionalPeers": ["picomatch"] }, "sha512-tIbYtZbucOs0BRGqPJkshJUYdL+SDH7dVM8gjy+ERp3WAUjLEFJE+02kanyHtwjWOnwrKYBiwAmM0p4kLJAnXg=="],

    "fsevents": ["fsevents@2.3.3", "https://registry.npmmirror.com/fsevents/-/fsevents-2.3.3.tgz", { "os": "darwin" }, "sha512-5xoDfX+fL7faATnagmWPpbFtwh/R77WmMMqqHGS65C3vvB0YHrgF+B1YmZ3441tMj5n63k0212XNoJwzlhffQw=="],

    "get-tsconfig": ["get-tsconfig@4.13.0", "https://registry.npmmirror.com/get-tsconfig/-/get-tsconfig-4.13.0.tgz", { "dependencies": { "resolve-pkg-maps": "^1.0.0" } }, "sha512-1VKTZJCwBrvbd+Wn3AOgQP/2Av+TfTCOlE4AcRJE72W1ksZXbAx8PPBR9RzgTeSPzlPMHrbANMH3LbltH73wxQ=="],

    "giget": ["giget@2.0.0", "https://registry.npmmirror.com/giget/-/giget-2.0.0.tgz", { "dependencies": { "citty": "^0.1.6", "consola": "^3.4.0", "defu": "^6.1.4", "node-fetch-native": "^1.6.6", "nypm": "^0.6.0", "pathe": "^2.0.3" }, "bin": { "giget": "dist/cli.mjs" } }, "sha512-L5bGsVkxJbJgdnwyuheIunkGatUF/zssUoxxjACCseZYAVbaqdh9Tsmmlkl8vYan09H7sbvKt4pS8GqKLBrEzA=="],

    "hookable": ["hookable@5.5.3", "https://registry.npmmirror.com/hookable/-/hookable-5.5.3.tgz", {}, "sha512-Yc+BQe8SvoXH1643Qez1zqLRmbA5rCL+sSmk6TVos0LWVfNIB7PGncdlId77WzLGSIB5KaWgTaNTs2lNVEI6VQ=="],

    "import-without-cache": ["import-without-cache@0.2.2", "https://registry.npmmirror.com/import-without-cache/-/import-without-cache-0.2.2.tgz", {}, "sha512-4TTuRrZ0jBULXzac3EoX9ZviOs8Wn9iAbNhJEyLhTpAGF9eNmYSruaMMN/Tec/yqaO7H6yS2kALfQDJ5FxfatA=="],

    "jiti": ["jiti@2.5.1", "https://registry.npmmirror.com/jiti/-/jiti-2.5.1.tgz", { "bin": { "jiti": "lib/jiti-cli.mjs" } }, "sha512-twQoecYPiVA5K/h6SxtORw/Bs3ar+mLUtoPSc7iMXzQzK8d7eJ/R09wmTwAjiamETn1cXYPGfNnu7DMoHgu12w=="],

    "jsesc": ["jsesc@3.1.0", "https://registry.npmmirror.com/jsesc/-/jsesc-3.1.0.tgz", { "bin": { "jsesc": "bin/jsesc" } }, "sha512-/sM3dO2FOzXjKQhJuo0Q173wf2KOo8t4I8vHy6lF9poUp7bKT0/NHE8fPX23PwfhnykfqnC2xRxOnVw5XuGIaA=="],

    "jsonc-parser": ["jsonc-parser@3.3.1", "https://registry.npmmirror.com/jsonc-parser/-/jsonc-parser-3.3.1.tgz", {}, "sha512-HUgH65KyejrUFPvHFPbqOY0rsFip3Bo5wb4ngvdi1EpCYWUQDC5V+Y7mZws+DLkr4M//zQJoanu1SP+87Dv1oQ=="],

    "magic-string": ["magic-string@0.30.21", "https://registry.npmmirror.com/magic-string/-/magic-string-0.30.21.tgz", { "dependencies": { "@jridgewell/sourcemap-codec": "^1.5.5" } }, "sha512-vd2F4YUyEXKGcLHoq+TEyCjxueSeHnFxyyjNp80yg0XV4vUhnDer/lvvlqM/arB5bXQN5K2/3oinyCRyx8T2CQ=="],

    "nanoid": ["nanoid@3.3.11", "https://registry.npmmirror.com/nanoid/-/nanoid-3.3.11.tgz", { "bin": { "nanoid": "bin/nanoid.cjs" } }, "sha512-N8SpfPUnUp1bK+PMYW8qSWdl9U+wwNWI4QKxOYDy9JAro3WMX7p2OeVRF9v+347pnakNevPmiHhNmZ2HbFA76w=="],

    "node-fetch-native": ["node-fetch-native@1.6.6", "https://registry.npmmirror.com/node-fetch-native/-/node-fetch-native-1.6.6.tgz", {}, "sha512-8Mc2HhqPdlIfedsuZoc3yioPuzp6b+L5jRCRY1QzuWZh2EGJVQrGppC6V6cF0bLdbW0+O2YpqCA25aF/1lvipQ=="],

    "nypm": ["nypm@0.6.0", "https://registry.npmmirror.com/nypm/-/nypm-0.6.0.tgz", { "dependencies": { "citty": "^0.1.6", "consola": "^3.4.0", "pathe": "^2.0.3", "pkg-types": "^2.0.0", "tinyexec": "^0.3.2" }, "bin": { "nypm": "dist/cli.mjs" } }, "sha512-mn8wBFV9G9+UFHIrq+pZ2r2zL4aPau/by3kJb3cM7+5tQHMt6HGQB8FDIeKFYp8o0D2pnH6nVsO88N4AmUxIWg=="],

    "obug": ["obug@2.1.1", "https://registry.npmmirror.com/obug/-/obug-2.1.1.tgz", {}, "sha512-uTqF9MuPraAQ+IsnPf366RG4cP9RtUi7MLO1N3KEc+wb0a6yKpeL0lmk2IB1jY5KHPAlTc6T/JRdC/YqxHNwkQ=="],

    "ohash": ["ohash@2.0.11", "https://registry.npmmirror.com/ohash/-/ohash-2.0.11.tgz", {}, "sha512-RdR9FQrFwNBNXAr4GixM8YaRZRJ5PUWbKYbE5eOsrwAjJW0q2REGcf79oYPsLyskQCZG1PLN+S/K1V00joZAoQ=="],

    "oxlint": ["oxlint@1.31.0", "https://registry.npmmirror.com/oxlint/-/oxlint-1.31.0.tgz", { "optionalDependencies": { "@oxlint/darwin-arm64": "1.31.0", "@oxlint/darwin-x64": "1.31.0", "@oxlint/linux-arm64-gnu": "1.31.0", "@oxlint/linux-arm64-musl": "1.31.0", "@oxlint/linux-x64-gnu": "1.31.0", "@oxlint/linux-x64-musl": "1.31.0", "@oxlint/win32-arm64": "1.31.0", "@oxlint/win32-x64": "1.31.0" }, "peerDependencies": { "oxlint-tsgolint": ">=0.8.1" }, "optionalPeers": ["oxlint-tsgolint"], "bin": { "oxlint": "bin/oxlint", "oxc_language_server": "bin/oxc_language_server" } }, "sha512-U+Z3VShi1zuLF2Hz/pm4vWJUBm5sDHjwSzj340tz4tS2yXg9H5PTipsZv+Yu/alg6Z7EM2cZPKGNBZAvmdfkQg=="],

    "package-manager-detector": ["package-manager-detector@1.3.0", "https://registry.npmmirror.com/package-manager-detector/-/package-manager-detector-1.3.0.tgz", {}, "sha512-ZsEbbZORsyHuO00lY1kV3/t72yp6Ysay6Pd17ZAlNGuGwmWDLCJxFpRs0IzfXfj1o4icJOkUEioexFHzyPurSQ=="],

    "pathe": ["pathe@2.0.3", "https://registry.npmmirror.com/pathe/-/pathe-2.0.3.tgz", {}, "sha512-WUjGcAqP1gQacoQe+OBJsFA7Ld4DyXuUIjZ5cc75cLHvJ7dtNsTugphxIADwspS+AraAUePCKrSVtPLFj/F88w=="],

    "perfect-debounce": ["perfect-debounce@1.0.0", "https://registry.npmmirror.com/perfect-debounce/-/perfect-debounce-1.0.0.tgz", {}, "sha512-xCy9V055GLEqoFaHoC1SoLIaLmWctgCUaBaWxDZ7/Zx4CTyX7cJQLJOok/orfjZAh9kEYpjJa4d0KcJmCbctZA=="],

    "picocolors": ["picocolors@1.1.1", "https://registry.npmmirror.com/picocolors/-/picocolors-1.1.1.tgz", {}, "sha512-xceH2snhtb5M9liqDsmEw56le376mTZkEX/jEb/RxNFyegNul7eNslCXP9FDj/Lcu0X8KEyMceP2ntpaHrDEVA=="],

    "picomatch": ["picomatch@4.0.3", "https://registry.npmmirror.com/picomatch/-/picomatch-4.0.3.tgz", {}, "sha512-5gTmgEY/sqK6gFXLIsQNH19lWb4ebPDLA4SdLP7dsWkIXHWlG66oPuVvXSGFPppYZz8ZDZq0dYYrbHfBCVUb1Q=="],

    "pkg-types": ["pkg-types@2.3.0", "https://registry.npmmirror.com/pkg-types/-/pkg-types-2.3.0.tgz", { "dependencies": { "confbox": "^0.2.2", "exsolve": "^1.0.7", "pathe": "^2.0.3" } }, "sha512-SIqCzDRg0s9npO5XQ3tNZioRY1uK06lA41ynBC1YmFTmnY6FjUjVt6s4LoADmwoig1qqD0oK8h1p/8mlMx8Oig=="],

    "postcss": ["postcss@8.5.6", "https://registry.npmmirror.com/postcss/-/postcss-8.5.6.tgz", { "dependencies": { "nanoid": "^3.3.11", "picocolors": "^1.1.1", "source-map-js": "^1.2.1" } }, "sha512-3Ybi1tAuwAP9s0r1UQ2J4n5Y0G05bJkpUIO0/bI9MhwmD70S5aTWbXGBwxHrelT+XM1k6dM0pk+SwNkpTRN7Pg=="],

    "quansync": ["quansync@1.0.0", "https://registry.npmmirror.com/quansync/-/quansync-1.0.0.tgz", {}, "sha512-5xZacEEufv3HSTPQuchrvV6soaiACMFnq1H8wkVioctoH3TRha9Sz66lOxRwPK/qZj7HPiSveih9yAyh98gvqA=="],

    "rc9": ["rc9@2.1.2", "https://registry.npmmirror.com/rc9/-/rc9-2.1.2.tgz", { "dependencies": { "defu": "^6.1.4", "destr": "^2.0.3" } }, "sha512-btXCnMmRIBINM2LDZoEmOogIZU7Qe7zn4BpomSKZ/ykbLObuBdvG+mFq11DL6fjH1DRwHhrlgtYWG96bJiC7Cg=="],

    "readdirp": ["readdirp@4.1.2", "https://registry.npmmirror.com/readdirp/-/readdirp-4.1.2.tgz", {}, "sha512-GDhwkLfywWL2s6vEjyhri+eXmfH6j1L7JE27WhqLeYzoh/A3DBaYGEj2H/HFZCn/kMfim73FXxEJTw06WtxQwg=="],

    "resolve-pkg-maps": ["resolve-pkg-maps@1.0.0", "https://registry.npmmirror.com/resolve-pkg-maps/-/resolve-pkg-maps-1.0.0.tgz", {}, "sha512-seS2Tj26TBVOC2NIc2rOe2y2ZO7efxITtLZcGSOnHHNOQ7CkiUBfw0Iw2ck6xkIhPwLhKNLS8BO+hEpngQlqzw=="],

    "rolldown": ["rolldown@1.0.0-beta.53", "https://registry.npmmirror.com/rolldown/-/rolldown-1.0.0-beta.53.tgz", { "dependencies": { "@oxc-project/types": "=0.101.0", "@rolldown/pluginutils": "1.0.0-beta.53" }, "optionalDependencies": { "@rolldown/binding-android-arm64": "1.0.0-beta.53", "@rolldown/binding-darwin-arm64": "1.0.0-beta.53", "@rolldown/binding-darwin-x64": "1.0.0-beta.53", "@rolldown/binding-freebsd-x64": "1.0.0-beta.53", "@rolldown/binding-linux-arm-gnueabihf": "1.0.0-beta.53", "@rolldown/binding-linux-arm64-gnu": "1.0.0-beta.53", "@rolldown/binding-linux-arm64-musl": "1.0.0-beta.53", "@rolldown/binding-linux-x64-gnu": "1.0.0-beta.53", "@rolldown/binding-linux-x64-musl": "1.0.0-beta.53", "@rolldown/binding-openharmony-arm64": "1.0.0-beta.53", "@rolldown/binding-wasm32-wasi": "1.0.0-beta.53", "@rolldown/binding-win32-arm64-msvc": "1.0.0-beta.53", "@rolldown/binding-win32-x64-msvc": "1.0.0-beta.53" }, "bin": { "rolldown": "bin/cli.mjs" } }, "sha512-Qd9c2p0XKZdgT5AYd+KgAMggJ8ZmCs3JnS9PTMWkyUfteKlfmKtxJbWTHkVakxwXs1Ub7jrRYVeFeF7N0sQxyw=="],

    "rolldown-plugin-dts": ["rolldown-plugin-dts@0.18.3", "https://registry.npmmirror.com/rolldown-plugin-dts/-/rolldown-plugin-dts-0.18.3.tgz", { "dependencies": { "@babel/generator": "^7.28.5", "@babel/parser": "^7.28.5", "@babel/types": "^7.28.5", "ast-kit": "^2.2.0", "birpc": "^3.0.0", "dts-resolver": "^2.1.3", "get-tsconfig": "^4.13.0", "magic-string": "^0.30.21", "obug": "^2.1.1" }, "peerDependencies": { "@ts-macro/tsc": "^0.3.6", "@typescript/native-preview": ">=7.0.0-dev.20250601.1", "rolldown": "^1.0.0-beta.51", "typescript": "^5.0.0", "vue-tsc": "~3.1.0" }, "optionalPeers": ["@ts-macro/tsc", "@typescript/native-preview", "typescript", "vue-tsc"] }, "sha512-rd1LZ0Awwfyn89UndUF/HoFF4oH9a5j+2ZeuKSJYM80vmeN/p0gslYMnHTQHBEXPhUlvAlqGA3tVgXB/1qFNDg=="],

    "rollup": ["rollup@4.48.0", "https://registry.npmmirror.com/rollup/-/rollup-4.48.0.tgz", { "dependencies": { "@types/estree": "1.0.8" }, "optionalDependencies": { "@rollup/rollup-android-arm-eabi": "4.48.0", "@rollup/rollup-android-arm64": "4.48.0", "@rollup/rollup-darwin-arm64": "4.48.0", "@rollup/rollup-darwin-x64": "4.48.0", "@rollup/rollup-freebsd-arm64": "4.48.0", "@rollup/rollup-freebsd-x64": "4.48.0", "@rollup/rollup-linux-arm-gnueabihf": "4.48.0", "@rollup/rollup-linux-arm-musleabihf": "4.48.0", "@rollup/rollup-linux-arm64-gnu": "4.48.0", "@rollup/rollup-linux-arm64-musl": "4.48.0", "@rollup/rollup-linux-loongarch64-gnu": "4.48.0", "@rollup/rollup-linux-ppc64-gnu": "4.48.0", "@rollup/rollup-linux-riscv64-gnu": "4.48.0", "@rollup/rollup-linux-riscv64-musl": "4.48.0", "@rollup/rollup-linux-s390x-gnu": "4.48.0", "@rollup/rollup-linux-x64-gnu": "4.48.0", "@rollup/rollup-linux-x64-musl": "4.48.0", "@rollup/rollup-win32-arm64-msvc": "4.48.0", "@rollup/rollup-win32-ia32-msvc": "4.48.0", "@rollup/rollup-win32-x64-msvc": "4.48.0", "fsevents": "~2.3.2" }, "bin": { "rollup": "dist/bin/rollup" } }, "sha512-BXHRqK1vyt9XVSEHZ9y7xdYtuYbwVod2mLwOMFP7t/Eqoc1pHRlG/WdV2qNeNvZHRQdLedaFycljaYYM96RqJQ=="],

    "semver": ["semver@7.7.2", "https://registry.npmmirror.com/semver/-/semver-7.7.2.tgz", { "bin": { "semver": "bin/semver.js" } }, "sha512-RF0Fw+rO5AMf9MAyaRXI4AV0Ulj5lMHqVxxdSgiVbixSCXoEmmX/jk0CuJw4+3SqroYO9VoUh+HcuJivvtJemA=="],

    "source-map-js": ["source-map-js@1.2.1", "https://registry.npmmirror.com/source-map-js/-/source-map-js-1.2.1.tgz", {}, "sha512-UXWMKhLOwVKb728IUtQPXxfYU+usdybtUrK/8uGE8CQMvrhOpwvzDBwj0QhSL7MQc7vIsISBG8VQ8+IDQxpfQA=="],

    "tinyexec": ["tinyexec@1.0.1", "https://registry.npmmirror.com/tinyexec/-/tinyexec-1.0.1.tgz", {}, "sha512-5uC6DDlmeqiOwCPmK9jMSdOuZTh8bU39Ys6yidB+UTt5hfZUPGAypSgFRiEp+jbi9qH40BLDvy85jIU88wKSqw=="],

    "tinyglobby": ["tinyglobby@0.2.14", "https://registry.npmmirror.com/tinyglobby/-/tinyglobby-0.2.14.tgz", { "dependencies": { "fdir": "^6.4.4", "picomatch": "^4.0.2" } }, "sha512-tX5e7OM1HnYr2+a2C/4V0htOcSQcoSTH9KgJnVvNm5zm/cyEWKJ7j7YutsH9CxMdtOkkLFy2AHrMci9IM8IPZQ=="],

    "tree-kill": ["tree-kill@1.2.2", "https://registry.npmmirror.com/tree-kill/-/tree-kill-1.2.2.tgz", { "bin": { "tree-kill": "cli.js" } }, "sha512-L0Orpi8qGpRG//Nd+H90vFB+3iHnue1zSSGmNOOCh1GLJ7rUKVwV2HvijphGQS2UmhUZewS9VgvxYIdgr+fG1A=="],

    "tsdown": ["tsdown@0.17.0", "https://registry.npmmirror.com/tsdown/-/tsdown-0.17.0.tgz", { "dependencies": { "ansis": "^4.2.0", "cac": "^6.7.14", "empathic": "^2.0.0", "hookable": "^5.5.3", "import-without-cache": "^0.2.2", "obug": "^2.1.1", "rolldown": "1.0.0-beta.53", "rolldown-plugin-dts": "^0.18.2", "semver": "^7.7.3", "tinyexec": "^1.0.2", "tinyglobby": "^0.2.15", "tree-kill": "^1.2.2", "unconfig-core": "^7.4.1", "unrun": "^0.2.16" }, "peerDependencies": { "@arethetypeswrong/core": "^0.18.1", "@vitejs/devtools": "^0.0.0-alpha.18", "publint": "^0.3.0", "typescript": "^5.0.0", "unplugin-lightningcss": "^0.4.0", "unplugin-unused": "^0.5.0" }, "optionalPeers": ["@arethetypeswrong/core", "@vitejs/devtools", "publint", "typescript", "unplugin-lightningcss", "unplugin-unused"], "bin": { "tsdown": "dist/run.mjs" } }, "sha512-NPZRrlC51X9Bb55ZTDwrWges8Dm1niCvNA5AYw7aix6pfnDnB4WR0neG5RPq75xIodg3hqlQUzzyrX7n4dmnJg=="],

    "tslib": ["tslib@2.8.1", "https://registry.npmmirror.com/tslib/-/tslib-2.8.1.tgz", {}, "sha512-oJFu94HQb+KVduSUQL7wnpmqnfmLsOA/nAh6b6EH0wCEoK0/mPeXU6c3wKDV83MkOuHPRHtSXKKU99IBazS/2w=="],

    "typescript": ["typescript@5.9.3", "https://registry.npmmirror.com/typescript/-/typescript-5.9.3.tgz", { "bin": { "tsc": "bin/tsc", "tsserver": "bin/tsserver" } }, "sha512-jl1vZzPDinLr9eUt3J/t7V6FgNEw9QjvBPdysz9KfQDD41fQrC2Y4vKQdiaUpFT4bXlb1RHhLpp8wtm6M5TgSw=="],

    "unconfig-core": ["unconfig-core@7.4.2", "https://registry.npmmirror.com/unconfig-core/-/unconfig-core-7.4.2.tgz", { "dependencies": { "@quansync/fs": "^1.0.0", "quansync": "^1.0.0" } }, "sha512-VgPCvLWugINbXvMQDf8Jh0mlbvNjNC6eSUziHsBCMpxR05OPrNrvDnyatdMjRgcHaaNsCqz+wjNXxNw1kRLHUg=="],

    "unrun": ["unrun@0.2.17", "https://registry.npmmirror.com/unrun/-/unrun-0.2.17.tgz", { "dependencies": { "@oxc-project/runtime": "^0.101.0", "rolldown": "1.0.0-beta.53" }, "peerDependencies": { "synckit": "^0.11.11" }, "optionalPeers": ["synckit"], "bin": { "unrun": "dist/cli.mjs" } }, "sha512-mumOyjZp1K1bsa1QwfRPw7+9TxyVHSgx6LHB2dBWI4m1hGDG9b2TK3fS3H8vCl/Gl9YTSxhZ9XuLbWv3QF8GEA=="],

    "vite": ["vite@7.1.3", "https://registry.npmmirror.com/vite/-/vite-7.1.3.tgz", { "dependencies": { "esbuild": "^0.25.0", "fdir": "^6.5.0", "picomatch": "^4.0.3", "postcss": "^8.5.6", "rollup": "^4.43.0", "tinyglobby": "^0.2.14" }, "optionalDependencies": { "fsevents": "~2.3.3" }, "peerDependencies": { "@types/node": "^20.19.0 || >=22.12.0", "jiti": ">=1.21.0", "less": "^4.0.0", "lightningcss": "^1.21.0", "sass": "^1.70.0", "sass-embedded": "^1.70.0", "stylus": ">=0.54.8", "sugarss": "^5.0.0", "terser": "^5.16.0", "tsx": "^4.8.1", "yaml": "^2.4.2" }, "optionalPeers": ["@types/node", "jiti", "less", "lightningcss", "sass", "sass-embedded", "stylus", "sugarss", "terser", "tsx", "yaml"], "bin": { "vite": "bin/vite.js" } }, "sha512-OOUi5zjkDxYrKhTV3V7iKsoS37VUM7v40+HuwEmcrsf11Cdx9y3DIr2Px6liIcZFwt3XSRpQvFpL3WVy7ApkGw=="],

    "weighted-shuffle": ["weighted-shuffle@1.0.0", "https://registry.npmmirror.com/weighted-shuffle/-/weighted-shuffle-1.0.0.tgz", {}, "sha512-3dfOrEyJaMZPzqD0X+S6K+xG/6GdTu0upRUQOh6W8ecx0OK0sH2YMRV0BOD6e+d3Cih22yGQkp+P9t0T6fvArg=="],

    "yaml": ["yaml@2.8.1", "https://registry.npmmirror.com/yaml/-/yaml-2.8.1.tgz", { "bin": { "yaml": "bin.mjs" } }, "sha512-lcYcMxX2PO9XMGvAJkJ3OsNMw+/7FKes7/hgerGUYWIoWu5j/+YQqcZr5JnPZWzOsEBgMbSbiSTn/dv/69Mkpw=="],

    "zen-mitt": ["zen-mitt@3.1.0", "https://registry.npmmirror.com/zen-mitt/-/zen-mitt-3.1.0.tgz", {}, "sha512-I0KUcnQb9rnx1/Cu9xtlJPj2e2r+yb3putg2Tjx9mjY2pVTnAzH4N/KwnIpnG+RQCz3VPj33NftGis4ug5s/2g=="],

    "@jridgewell/gen-mapping/@jridgewell/sourcemap-codec": ["@jridgewell/sourcemap-codec@1.5.0", "https://registry.npmmirror.com/@jridgewell/sourcemap-codec/-/sourcemap-codec-1.5.0.tgz", {}, "sha512-gv3ZRaISU3fjPAgNsriBRqGWQL6quFx04YMPW/zD8XMLsU32mhCCbfbO6KZFLjvYpCZ8zyDEgqsgf+PwPaM7GQ=="],

    "@jridgewell/trace-mapping/@jridgewell/sourcemap-codec": ["@jridgewell/sourcemap-codec@1.5.0", "https://registry.npmmirror.com/@jridgewell/sourcemap-codec/-/sourcemap-codec-1.5.0.tgz", {}, "sha512-gv3ZRaISU3fjPAgNsriBRqGWQL6quFx04YMPW/zD8XMLsU32mhCCbfbO6KZFLjvYpCZ8zyDEgqsgf+PwPaM7GQ=="],

    "nypm/pkg-types": ["pkg-types@2.1.0", "https://registry.npmmirror.com/pkg-types/-/pkg-types-2.1.0.tgz", { "dependencies": { "confbox": "^0.2.1", "exsolve": "^1.0.1", "pathe": "^2.0.3" } }, "sha512-wmJwA+8ihJixSoHKxZJRBQG1oY8Yr9pGLzRmSsNms0iNWyHHAlZCa7mmKiFR10YPZuz/2k169JiS/inOjBCZ2A=="],

    "nypm/tinyexec": ["tinyexec@0.3.2", "https://registry.npmmirror.com/tinyexec/-/tinyexec-0.3.2.tgz", {}, "sha512-KQQR9yN7R5+OSwaK0XQoj22pwHoTlgYqmUscPYoknOoWCWfj/5/ABTMRi69FrKU5ffPVh5QcFikpWJI/P1ocHA=="],

    "tinyglobby/fdir": ["fdir@6.4.5", "https://registry.npmmirror.com/fdir/-/fdir-6.4.5.tgz", { "peerDependencies": { "picomatch": "^3 || ^4" }, "optionalPeers": ["picomatch"] }, "sha512-4BG7puHpVsIYxZUbiUE3RqGloLaSSwzYie5jvasC4LWuBWzZawynvYouhjbQKw2JuIGYdm0DzIxl8iVidKlUEw=="],

    "tinyglobby/picomatch": ["picomatch@4.0.2", "https://registry.npmmirror.com/picomatch/-/picomatch-4.0.2.tgz", {}, "sha512-M7BAV6Rlcy5u+m6oPhAPFgJTzAioX/6B0DxyvDlo9l8+T3nLKbrczg2WLUyzd45L8RqfUMyGPzekbMvX2Ldkwg=="],

    "tsdown/ansis": ["ansis@4.2.0", "https://registry.npmmirror.com/ansis/-/ansis-4.2.0.tgz", {}, "sha512-HqZ5rWlFjGiV0tDm3UxxgNRqsOTniqoKZu0pIAfh7TZQMGuZK+hH0drySty0si0QXj1ieop4+SkSfPZBPPkHig=="],

    "tsdown/semver": ["semver@7.7.3", "https://registry.npmmirror.com/semver/-/semver-7.7.3.tgz", { "bin": { "semver": "bin/semver.js" } }, "sha512-SdsKMrI9TdgjdweUSR9MweHA4EJ8YxHn8DFaDisvhVlUOe4BF1tLD7GAj0lIqWVl+dPb/rExr0Btby5loQm20Q=="],

    "tsdown/tinyexec": ["tinyexec@1.0.2", "https://registry.npmmirror.com/tinyexec/-/tinyexec-1.0.2.tgz", {}, "sha512-W/KYk+NFhkmsYpuHq5JykngiOCnxeVL8v8dFnqxSD8qEEdRfXk1SDM6JzNqcERbcGYj9tMrDQBYV9cjgnunFIg=="],

    "tsdown/tinyglobby": ["tinyglobby@0.2.15", "https://registry.npmmirror.com/tinyglobby/-/tinyglobby-0.2.15.tgz", { "dependencies": { "fdir": "^6.5.0", "picomatch": "^4.0.3" } }, "sha512-j2Zq4NyQYG5XMST4cbs02Ak8iJUdxRM0XI5QyxXuZOzKOINmWurp3smXu3y5wDcJrptwpSjgXHzIQxR0omXljQ=="],

    "nypm/pkg-types/exsolve": ["exsolve@1.0.5", "https://registry.npmmirror.com/exsolve/-/exsolve-1.0.5.tgz", {}, "sha512-pz5dvkYYKQ1AHVrgOzBKWeP4u4FRb3a6DNK2ucr0OoNwYIU4QWsJ+NM36LLzORT+z845MzKHHhpXiUF5nvQoJg=="],
  }
}
