{
  "lockfileVersion": 1,
  "configVersion": 0,
  "workspaces": {
    "": {
      "name": "audio0",
      "dependencies": {
        "zen-mitt": "^3.1.0",
      },
      "devDependencies": {
        "@subframe7536/type-utils": "^0.2.0",
        "bumpp": "^10.3.2",
        "oxlint": "^1.35.0",
        "tsdown": "^0.18.3",
        "typescript": "^5.9.3",
        "vite": "^8.0.0-beta.5",
      },
    },
  },
  "packages": {
    "@babel/generator": ["@babel/generator@7.28.5", "https://registry.npmmirror.com/@babel/generator/-/generator-7.28.5.tgz", { "dependencies": { "@babel/parser": "^7.28.5", "@babel/types": "^7.28.5", "@jridgewell/gen-mapping": "^0.3.12", "@jridgewell/trace-mapping": "^0.3.28", "jsesc": "^3.0.2" } }, "sha512-3EwLFhZ38J4VyIP6WNtt2kUdW9dokXA9Cr4IVIFHuCpZ3H8/YFOl5JjZHisrn1fATPBmKKqXzDFvh9fUwHz6CQ=="],

    "@babel/helper-string-parser": ["@babel/helper-string-parser@7.27.1", "https://registry.npmmirror.com/@babel/helper-string-parser/-/helper-string-parser-7.27.1.tgz", {}, "sha512-qMlSxKbpRlAridDExk92nSobyDdpPijUq2DW6oDnUqd0iOGxmQjyqhMIihI9+zv4LPyZdRje2cavWPbCbWm3eA=="],

    "@babel/helper-validator-identifier": ["@babel/helper-validator-identifier@7.28.5", "https://registry.npmmirror.com/@babel/helper-validator-identifier/-/helper-validator-identifier-7.28.5.tgz", {}, "sha512-qSs4ifwzKJSV39ucNjsvc6WVHs6b7S03sOh2OcHF9UHfVPqWWALUsNUVzhSBiItjRZoLHx7nIarVjqKVusUZ1Q=="],

    "@babel/parser": ["@babel/parser@7.28.5", "https://registry.npmmirror.com/@babel/parser/-/parser-7.28.5.tgz", { "dependencies": { "@babel/types": "^7.28.5" }, "bin": "./bin/babel-parser.js" }, "sha512-KKBU1VGYR7ORr3At5HAtUQ+TV3SzRCXmA/8OdDZiLDBIZxVyzXuztPjfLd3BV1PRAQGCMWWSHYhL0F8d5uHBDQ=="],

    "@babel/types": ["@babel/types@7.28.5", "https://registry.npmmirror.com/@babel/types/-/types-7.28.5.tgz", { "dependencies": { "@babel/helper-string-parser": "^7.27.1", "@babel/helper-validator-identifier": "^7.28.5" } }, "sha512-qQ5m48eI/MFLQ5PxQj4PFaprjyCTLI37ElWMmNs0K8Lk3dVeOdNpB3ks8jc7yM5CDmVC73eMVk/trk3fgmrUpA=="],

    "@emnapi/core": ["@emnapi/core@1.7.1", "https://registry.npmmirror.com/@emnapi/core/-/core-1.7.1.tgz", { "dependencies": { "@emnapi/wasi-threads": "1.1.0", "tslib": "^2.4.0" } }, "sha512-o1uhUASyo921r2XtHYOHy7gdkGLge8ghBEQHMWmyJFoXlpU58kIrhhN3w26lpQb6dspetweapMn2CSNwQ8I4wg=="],

    "@emnapi/runtime": ["@emnapi/runtime@1.7.1", "https://registry.npmmirror.com/@emnapi/runtime/-/runtime-1.7.1.tgz", { "dependencies": { "tslib": "^2.4.0" } }, "sha512-PVtJr5CmLwYAU9PZDMITZoR5iAOShYREoR45EyyLrbntV50mdePTgUn4AmOw90Ifcj+x2kRjdzr1HP3RrNiHGA=="],

    "@emnapi/wasi-threads": ["@emnapi/wasi-threads@1.1.0", "https://registry.npmmirror.com/@emnapi/wasi-threads/-/wasi-threads-1.1.0.tgz", { "dependencies": { "tslib": "^2.4.0" } }, "sha512-WI0DdZ8xFSbgMjR1sFsKABJ/C5OnRrjT06JXbZKexJGrDuPTzZdDYfFlsgcCXCyf+suG5QU2e/y1Wo2V/OapLQ=="],

    "@jridgewell/gen-mapping": ["@jridgewell/gen-mapping@0.3.13", "https://registry.npmmirror.com/@jridgewell/gen-mapping/-/gen-mapping-0.3.13.tgz", { "dependencies": { "@jridgewell/sourcemap-codec": "^1.5.0", "@jridgewell/trace-mapping": "^0.3.24" } }, "sha512-2kkt/7niJ6MgEPxF0bYdQ6etZaA+fQvDcLKckhy1yIQOzaoKjBBjSj63/aLVjYE3qhRt5dvM+uUyfCg6UKCBbA=="],

    "@jridgewell/resolve-uri": ["@jridgewell/resolve-uri@3.1.2", "https://registry.npmmirror.com/@jridgewell/resolve-uri/-/resolve-uri-3.1.2.tgz", {}, "sha512-bRISgCIjP20/tbWSPWMEi54QVPRZExkuD9lJL+UIxUKtwVJA8wW1Trb1jMs1RFXo1CBTNZ/5hpC9QvmKWdopKw=="],

    "@jridgewell/sourcemap-codec": ["@jridgewell/sourcemap-codec@1.5.0", "https://registry.npmmirror.com/@jridgewell/sourcemap-codec/-/sourcemap-codec-1.5.0.tgz", {}, "sha512-gv3ZRaISU3fjPAgNsriBRqGWQL6quFx04YMPW/zD8XMLsU32mhCCbfbO6KZFLjvYpCZ8zyDEgqsgf+PwPaM7GQ=="],

    "@jridgewell/trace-mapping": ["@jridgewell/trace-mapping@0.3.30", "https://registry.npmmirror.com/@jridgewell/trace-mapping/-/trace-mapping-0.3.30.tgz", { "dependencies": { "@jridgewell/resolve-uri": "^3.1.0", "@jridgewell/sourcemap-codec": "^1.4.14" } }, "sha512-GQ7Nw5G2lTu/BtHTKfXhKHok2WGetd4XYcVKGx00SjAk8GMwgJM3zr6zORiPGuOE+/vkc90KtTosSSvaCjKb2Q=="],

    "@napi-rs/wasm-runtime": ["@napi-rs/wasm-runtime@1.1.0", "https://registry.npmmirror.com/@napi-rs/wasm-runtime/-/wasm-runtime-1.1.0.tgz", { "dependencies": { "@emnapi/core": "^1.7.1", "@emnapi/runtime": "^1.7.1", "@tybys/wasm-util": "^0.10.1" } }, "sha512-Fq6DJW+Bb5jaWE69/qOE0D1TUN9+6uWhCeZpdnSBk14pjLcCWR7Q8n49PTSPHazM37JqrsdpEthXy2xn6jWWiA=="],

    "@oxc-project/runtime": ["@oxc-project/runtime@0.103.0", "https://registry.npmmirror.com/@oxc-project/runtime/-/runtime-0.103.0.tgz", {}, "sha512-sQKZo5lLS1/yzbsVlZ+zaQorOkLe3OkQjyyMN29tMvCax5e5Sa9uUYKChDDMR4D41n6ApEazMN2UcIwFdHgS7g=="],

    "@oxc-project/types": ["@oxc-project/types@0.103.0", "https://registry.npmmirror.com/@oxc-project/types/-/types-0.103.0.tgz", {}, "sha512-bkiYX5kaXWwUessFRSoXFkGIQTmc6dLGdxuRTrC+h8PSnIdZyuXHHlLAeTmOue5Br/a0/a7dHH0Gca6eXn9MKg=="],

    "@oxlint/darwin-arm64": ["@oxlint/darwin-arm64@1.35.0", "https://registry.npmmirror.com/@oxlint/darwin-arm64/-/darwin-arm64-1.35.0.tgz", { "os": "darwin", "cpu": "arm64" }, "sha512-ieiYVHkNZPo77Hgrxav595wGS4rRNKuDNrljf+4xhwpJsddrxMpM64IQUf2IvR3MhK4FxdGzhhB6OVmGVHY5/w=="],

    "@oxlint/darwin-x64": ["@oxlint/darwin-x64@1.35.0", "https://registry.npmmirror.com/@oxlint/darwin-x64/-/darwin-x64-1.35.0.tgz", { "os": "darwin", "cpu": "x64" }, "sha512-1jNHu3j66X5jKySvgtE+jGtjx4ye+xioAucVTi2IuROZO6keK2YG74pnD+9FT+DpWZAtWRZGoW0r0x6aN9sEEg=="],

    "@oxlint/linux-arm64-gnu": ["@oxlint/linux-arm64-gnu@1.35.0", "https://registry.npmmirror.com/@oxlint/linux-arm64-gnu/-/linux-arm64-gnu-1.35.0.tgz", { "os": "linux", "cpu": "arm64" }, "sha512-T1lc0UaYbTxZyqVpLfC7eipbauNG8pBpkaZEW4JGz8Y68rxTH7d9s+CF0zxUxNr5RCtcmT669RLVjQT7VrKVLg=="],

    "@oxlint/linux-arm64-musl": ["@oxlint/linux-arm64-musl@1.35.0", "https://registry.npmmirror.com/@oxlint/linux-arm64-musl/-/linux-arm64-musl-1.35.0.tgz", { "os": "linux", "cpu": "arm64" }, "sha512-7Wv5Pke9kwWKFycUziSHsmi3EM0389TLzraB0KE/MArrKxx30ycwfJ5PYoMj9ERoW+Ybs0txdaOF/xJy/XyYkg=="],

    "@oxlint/linux-x64-gnu": ["@oxlint/linux-x64-gnu@1.35.0", "https://registry.npmmirror.com/@oxlint/linux-x64-gnu/-/linux-x64-gnu-1.35.0.tgz", { "os": "linux", "cpu": "x64" }, "sha512-HDMPOzyVVy+rQl3H7UOq8oGHt7m1yaiWCanlhAu4jciK8dvXeO9OG/OQd74lD/h05IcJh93pCLEJ3wWOG8hTiQ=="],

    "@oxlint/linux-x64-musl": ["@oxlint/linux-x64-musl@1.35.0", "https://registry.npmmirror.com/@oxlint/linux-x64-musl/-/linux-x64-musl-1.35.0.tgz", { "os": "linux", "cpu": "x64" }, "sha512-kAPBBsUOM3HQQ6n3nnZauvFR9EoXqCSoj4O3OSXXarzsRTiItNrHabVUwxeswZEc+xMzQNR0FHEWg/d4QAAWLw=="],

    "@oxlint/win32-arm64": ["@oxlint/win32-arm64@1.35.0", "https://registry.npmmirror.com/@oxlint/win32-arm64/-/win32-arm64-1.35.0.tgz", { "os": "win32", "cpu": "arm64" }, "sha512-qrpBkkOASS0WT8ra9xmBRXOEliN6D/MV9JhI/68lFHrtLhfFuRwg4AjzjxrCWrQCnQ0WkvAVpJzu73F4ICLYZw=="],

    "@oxlint/win32-x64": ["@oxlint/win32-x64@1.35.0", "https://registry.npmmirror.com/@oxlint/win32-x64/-/win32-x64-1.35.0.tgz", { "os": "win32", "cpu": "x64" }, "sha512-yPFcj6umrhusnG/kMS5wh96vblsqZ0kArQJS+7kEOSJDrH+DsFWaDCsSRF8U6gmSmZJ26KVMU3C3TMpqDN4M1g=="],

    "@quansync/fs": ["@quansync/fs@1.0.0", "https://registry.npmmirror.com/@quansync/fs/-/fs-1.0.0.tgz", { "dependencies": { "quansync": "^1.0.0" } }, "sha512-4TJ3DFtlf1L5LDMaM6CanJ/0lckGNtJcMjQ1NAV6zDmA0tEHKZtxNKin8EgPaVX1YzljbxckyT2tJrpQKAtngQ=="],

    "@rolldown/binding-android-arm64": ["@rolldown/binding-android-arm64@1.0.0-beta.57", "https://registry.npmmirror.com/@rolldown/binding-android-arm64/-/binding-android-arm64-1.0.0-beta.57.tgz", { "os": "android", "cpu": "arm64" }, "sha512-GoOVDy8bjw9z1K30Oo803nSzXJS/vWhFijFsW3kzvZCO8IZwFnNa6pGctmbbJstKl3Fv6UBwyjJQN6msejW0IQ=="],

    "@rolldown/binding-darwin-arm64": ["@rolldown/binding-darwin-arm64@1.0.0-beta.57", "https://registry.npmmirror.com/@rolldown/binding-darwin-arm64/-/binding-darwin-arm64-1.0.0-beta.57.tgz", { "os": "darwin", "cpu": "arm64" }, "sha512-9c4FOhRGpl+PX7zBK5p17c5efpF9aSpTPgyigv57hXf5NjQUaJOOiejPLAtFiKNBIfm5Uu6yFkvLKzOafNvlTw=="],

    "@rolldown/binding-darwin-x64": ["@rolldown/binding-darwin-x64@1.0.0-beta.57", "https://registry.npmmirror.com/@rolldown/binding-darwin-x64/-/binding-darwin-x64-1.0.0-beta.57.tgz", { "os": "darwin", "cpu": "x64" }, "sha512-6RsB8Qy4LnGqNGJJC/8uWeLWGOvbRL/KG5aJ8XXpSEupg/KQtlBEiFaYU/Ma5Usj1s+bt3ItkqZYAI50kSplBA=="],

    "@rolldown/binding-freebsd-x64": ["@rolldown/binding-freebsd-x64@1.0.0-beta.57", "https://registry.npmmirror.com/@rolldown/binding-freebsd-x64/-/binding-freebsd-x64-1.0.0-beta.57.tgz", { "os": "freebsd", "cpu": "x64" }, "sha512-uA9kG7+MYkHTbqwv67Tx+5GV5YcKd33HCJIi0311iYBd25yuwyIqvJfBdt1VVB8tdOlyTb9cPAgfCki8nhwTQg=="],

    "@rolldown/binding-linux-arm-gnueabihf": ["@rolldown/binding-linux-arm-gnueabihf@1.0.0-beta.57", "https://registry.npmmirror.com/@rolldown/binding-linux-arm-gnueabihf/-/binding-linux-arm-gnueabihf-1.0.0-beta.57.tgz", { "os": "linux", "cpu": "arm" }, "sha512-3KkS0cHsllT2T+Te+VZMKHNw6FPQihYsQh+8J4jkzwgvAQpbsbXmrqhkw3YU/QGRrD8qgcOvBr6z5y6Jid+rmw=="],

    "@rolldown/binding-linux-arm64-gnu": ["@rolldown/binding-linux-arm64-gnu@1.0.0-beta.57", "https://registry.npmmirror.com/@rolldown/binding-linux-arm64-gnu/-/binding-linux-arm64-gnu-1.0.0-beta.57.tgz", { "os": "linux", "cpu": "arm64" }, "sha512-A3/wu1RgsHhqP3rVH2+sM81bpk+Qd2XaHTl8LtX5/1LNR7QVBFBCpAoiXwjTdGnI5cMdBVi7Z1pi52euW760Fw=="],

    "@rolldown/binding-linux-arm64-musl": ["@rolldown/binding-linux-arm64-musl@1.0.0-beta.57", "https://registry.npmmirror.com/@rolldown/binding-linux-arm64-musl/-/binding-linux-arm64-musl-1.0.0-beta.57.tgz", { "os": "linux", "cpu": "arm64" }, "sha512-d0kIVezTQtazpyWjiJIn5to8JlwfKITDqwsFv0Xc6s31N16CD2PC/Pl2OtKgS7n8WLOJbfqgIp5ixYzTAxCqMg=="],

    "@rolldown/binding-linux-x64-gnu": ["@rolldown/binding-linux-x64-gnu@1.0.0-beta.57", "https://registry.npmmirror.com/@rolldown/binding-linux-x64-gnu/-/binding-linux-x64-gnu-1.0.0-beta.57.tgz", { "os": "linux", "cpu": "x64" }, "sha512-E199LPijo98yrLjPCmETx8EF43sZf9t3guSrLee/ej1rCCc3zDVTR4xFfN9BRAapGVl7/8hYqbbiQPTkv73kUg=="],

    "@rolldown/binding-linux-x64-musl": ["@rolldown/binding-linux-x64-musl@1.0.0-beta.57", "https://registry.npmmirror.com/@rolldown/binding-linux-x64-musl/-/binding-linux-x64-musl-1.0.0-beta.57.tgz", { "os": "linux", "cpu": "x64" }, "sha512-++EQDpk/UJ33kY/BNsh7A7/P1sr/jbMuQ8cE554ZIy+tCUWCivo9zfyjDUoiMdnxqX6HLJEqqGnbGQOvzm2OMQ=="],

    "@rolldown/binding-openharmony-arm64": ["@rolldown/binding-openharmony-arm64@1.0.0-beta.57", "https://registry.npmmirror.com/@rolldown/binding-openharmony-arm64/-/binding-openharmony-arm64-1.0.0-beta.57.tgz", { "os": "none", "cpu": "arm64" }, "sha512-voDEBcNqxbUv/GeXKFtxXVWA+H45P/8Dec4Ii/SbyJyGvCqV1j+nNHfnFUIiRQ2Q40DwPe/djvgYBs9PpETiMA=="],

    "@rolldown/binding-wasm32-wasi": ["@rolldown/binding-wasm32-wasi@1.0.0-beta.57", "https://registry.npmmirror.com/@rolldown/binding-wasm32-wasi/-/binding-wasm32-wasi-1.0.0-beta.57.tgz", { "dependencies": { "@napi-rs/wasm-runtime": "^1.1.0" }, "cpu": "none" }, "sha512-bRhcF7NLlCnpkzLVlVhrDEd0KH22VbTPkPTbMjlYvqhSmarxNIq5vtlQS8qmV7LkPKHrNLWyJW/V/sOyFba26Q=="],

    "@rolldown/binding-win32-arm64-msvc": ["@rolldown/binding-win32-arm64-msvc@1.0.0-beta.57", "https://registry.npmmirror.com/@rolldown/binding-win32-arm64-msvc/-/binding-win32-arm64-msvc-1.0.0-beta.57.tgz", { "os": "win32", "cpu": "arm64" }, "sha512-rnDVGRks2FQ2hgJ2g15pHtfxqkGFGjJQUDWzYznEkE8Ra2+Vag9OffxdbJMZqBWXHVM0iS4dv8qSiEn7bO+n1Q=="],

    "@rolldown/binding-win32-x64-msvc": ["@rolldown/binding-win32-x64-msvc@1.0.0-beta.57", "https://registry.npmmirror.com/@rolldown/binding-win32-x64-msvc/-/binding-win32-x64-msvc-1.0.0-beta.57.tgz", { "os": "win32", "cpu": "x64" }, "sha512-OqIUyNid1M4xTj6VRXp/Lht/qIP8fo25QyAZlCP+p6D2ATCEhyW4ZIFLnC9zAGN/HMbXoCzvwfa8Jjg/8J4YEg=="],

    "@rolldown/pluginutils": ["@rolldown/pluginutils@1.0.0-beta.57", "https://registry.npmmirror.com/@rolldown/pluginutils/-/pluginutils-1.0.0-beta.57.tgz", {}, "sha512-aQNelgx14tGA+n2tNSa9x6/jeoCL9fkDeCei7nOKnHx0fEFRRMu5ReiITo+zZD5TzWDGGRjbSYCs93IfRIyTuQ=="],

    "@subframe7536/type-utils": ["@subframe7536/type-utils@0.2.0", "https://registry.npmmirror.com/@subframe7536/type-utils/-/type-utils-0.2.0.tgz", {}, "sha512-5OmY4NfRPBVcsVReZLU1sh7bZppZUWFnnN2ybjOQS7i2suOR1ds3qsFJmZNLpWV5gLmL0RVAmHgMQU0salMJOw=="],

    "@tybys/wasm-util": ["@tybys/wasm-util@0.10.1", "https://registry.npmmirror.com/@tybys/wasm-util/-/wasm-util-0.10.1.tgz", { "dependencies": { "tslib": "^2.4.0" } }, "sha512-9tTaPJLSiejZKx+Bmog4uSubteqTvFrVrURwkmHixBo0G4seD0zUxp98E1DzUBJxLQ3NPwXrGKDiVjwx/DpPsg=="],

    "ansis": ["ansis@4.2.0", "https://registry.npmmirror.com/ansis/-/ansis-4.2.0.tgz", {}, "sha512-HqZ5rWlFjGiV0tDm3UxxgNRqsOTniqoKZu0pIAfh7TZQMGuZK+hH0drySty0si0QXj1ieop4+SkSfPZBPPkHig=="],

    "args-tokenizer": ["args-tokenizer@0.3.0", "https://registry.npmmirror.com/args-tokenizer/-/args-tokenizer-0.3.0.tgz", {}, "sha512-xXAd7G2Mll5W8uo37GETpQ2VrE84M181Z7ugHFGQnJZ50M2mbOv0osSZ9VsSgPfJQ+LVG0prSi0th+ELMsno7Q=="],

    "ast-kit": ["ast-kit@2.2.0", "https://registry.npmmirror.com/ast-kit/-/ast-kit-2.2.0.tgz", { "dependencies": { "@babel/parser": "^7.28.5", "pathe": "^2.0.3" } }, "sha512-m1Q/RaVOnTp9JxPX+F+Zn7IcLYMzM8kZofDImfsKZd8MbR+ikdOzTeztStWqfrqIxZnYWryyI9ePm3NGjnZgGw=="],

    "birpc": ["birpc@4.0.0", "https://registry.npmmirror.com/birpc/-/birpc-4.0.0.tgz", {}, "sha512-LShSxJP0KTmd101b6DRyGBj57LZxSDYWKitQNW/mi8GRMvZb078Uf9+pveax1DrVL89vm7mWe+TovdI/UDOuPw=="],

    "bumpp": ["bumpp@10.3.2", "https://registry.npmmirror.com/bumpp/-/bumpp-10.3.2.tgz", { "dependencies": { "ansis": "^4.2.0", "args-tokenizer": "^0.3.0", "c12": "^3.3.2", "cac": "^6.7.14", "escalade": "^3.2.0", "jsonc-parser": "^3.3.1", "package-manager-detector": "^1.5.0", "semver": "^7.7.3", "tinyexec": "^1.0.2", "tinyglobby": "^0.2.15", "yaml": "^2.8.1" }, "bin": { "bumpp": "bin/bumpp.mjs" } }, "sha512-yUUkVx5zpTywLNX97MlrqtpanI7eMMwFwLntWR2EBVDw3/Pm3aRIzCoDEGHATLIiHK9PuJC7xWI4XNWqXItSPg=="],

    "c12": ["c12@3.3.3", "https://registry.npmmirror.com/c12/-/c12-3.3.3.tgz", { "dependencies": { "chokidar": "^5.0.0", "confbox": "^0.2.2", "defu": "^6.1.4", "dotenv": "^17.2.3", "exsolve": "^1.0.8", "giget": "^2.0.0", "jiti": "^2.6.1", "ohash": "^2.0.11", "pathe": "^2.0.3", "perfect-debounce": "^2.0.0", "pkg-types": "^2.3.0", "rc9": "^2.1.2" }, "peerDependencies": { "magicast": "*" }, "optionalPeers": ["magicast"] }, "sha512-750hTRvgBy5kcMNPdh95Qo+XUBeGo8C7nsKSmedDmaQI+E0r82DwHeM6vBewDe4rGFbnxoa4V9pw+sPh5+Iz8Q=="],

    "cac": ["cac@6.7.14", "https://registry.npmmirror.com/cac/-/cac-6.7.14.tgz", {}, "sha512-b6Ilus+c3RrdDk+JhLKUAQfzzgLEPy6wcXqS7f/xe1EETvsDP6GORG7SFuOs6cID5YkqchW/LXZbX5bc8j7ZcQ=="],

    "chokidar": ["chokidar@5.0.0", "https://registry.npmmirror.com/chokidar/-/chokidar-5.0.0.tgz", { "dependencies": { "readdirp": "^5.0.0" } }, "sha512-TQMmc3w+5AxjpL8iIiwebF73dRDF4fBIieAqGn9RGCWaEVwQ6Fb2cGe31Yns0RRIzii5goJ1Y7xbMwo1TxMplw=="],

    "citty": ["citty@0.1.6", "https://registry.npmmirror.com/citty/-/citty-0.1.6.tgz", { "dependencies": { "consola": "^3.2.3" } }, "sha512-tskPPKEs8D2KPafUypv2gxwJP8h/OaJmC82QQGGDQcHvXX43xF2VDACcJVmZ0EuSxkpO9Kc4MlrA3q0+FG58AQ=="],

    "confbox": ["confbox@0.2.2", "https://registry.npmmirror.com/confbox/-/confbox-0.2.2.tgz", {}, "sha512-1NB+BKqhtNipMsov4xI/NnhCKp9XG9NamYp5PVm9klAT0fsrNPjaFICsCFhNhwZJKNh7zB/3q8qXz0E9oaMNtQ=="],

    "consola": ["consola@3.4.2", "https://registry.npmmirror.com/consola/-/consola-3.4.2.tgz", {}, "sha512-5IKcdX0nnYavi6G7TtOhwkYzyjfJlatbjMjuLSfE2kYT5pMDOilZ4OvMhi637CcDICTmz3wARPoyhqyX1Y+XvA=="],

    "defu": ["defu@6.1.4", "https://registry.npmmirror.com/defu/-/defu-6.1.4.tgz", {}, "sha512-mEQCMmwJu317oSz8CwdIOdwf3xMif1ttiM8LTufzc3g6kR+9Pe236twL8j3IYT1F7GfRgGcW6MWxzZjLIkuHIg=="],

    "destr": ["destr@2.0.5", "https://registry.npmmirror.com/destr/-/destr-2.0.5.tgz", {}, "sha512-ugFTXCtDZunbzasqBxrK93Ik/DRYsO6S/fedkWEMKqt04xZ4csmnmwGDBAb07QWNaGMAmnTIemsYZCksjATwsA=="],

    "detect-libc": ["detect-libc@2.1.2", "https://registry.npmmirror.com/detect-libc/-/detect-libc-2.1.2.tgz", {}, "sha512-Btj2BOOO83o3WyH59e8MgXsxEQVcarkUOpEYrubB0urwnN10yQ364rsiByU11nZlqWYZm05i/of7io4mzihBtQ=="],

    "dotenv": ["dotenv@17.2.3", "https://registry.npmmirror.com/dotenv/-/dotenv-17.2.3.tgz", {}, "sha512-JVUnt+DUIzu87TABbhPmNfVdBDt18BLOWjMUFJMSi/Qqg7NTYtabbvSNJGOJ7afbRuv9D/lngizHtP7QyLQ+9w=="],

    "dts-resolver": ["dts-resolver@2.1.3", "https://registry.npmmirror.com/dts-resolver/-/dts-resolver-2.1.3.tgz", { "peerDependencies": { "oxc-resolver": ">=11.0.0" }, "optionalPeers": ["oxc-resolver"] }, "sha512-bihc7jPC90VrosXNzK0LTE2cuLP6jr0Ro8jk+kMugHReJVLIpHz/xadeq3MhuwyO4TD4OA3L1Q8pBBFRc08Tsw=="],

    "empathic": ["empathic@2.0.0", "https://registry.npmmirror.com/empathic/-/empathic-2.0.0.tgz", {}, "sha512-i6UzDscO/XfAcNYD75CfICkmfLedpyPDdozrLMmQc5ORaQcdMoc21OnlEylMIqI7U8eniKrPMxxtj8k0vhmJhA=="],

    "escalade": ["escalade@3.2.0", "https://registry.npmmirror.com/escalade/-/escalade-3.2.0.tgz", {}, "sha512-WUj2qlxaQtO4g6Pq5c29GTcWGDyd8itL8zTlipgECz3JesAiiOKotd8JU6otB3PACgG6xkJUyVhboMS+bje/jA=="],

    "exsolve": ["exsolve@1.0.8", "https://registry.npmmirror.com/exsolve/-/exsolve-1.0.8.tgz", {}, "sha512-LmDxfWXwcTArk8fUEnOfSZpHOJ6zOMUJKOtFLFqJLoKJetuQG874Uc7/Kki7zFLzYybmZhp1M7+98pfMqeX8yA=="],

    "fdir": ["fdir@6.5.0", "https://registry.npmmirror.com/fdir/-/fdir-6.5.0.tgz", { "peerDependencies": { "picomatch": "^3 || ^4" }, "optionalPeers": ["picomatch"] }, "sha512-tIbYtZbucOs0BRGqPJkshJUYdL+SDH7dVM8gjy+ERp3WAUjLEFJE+02kanyHtwjWOnwrKYBiwAmM0p4kLJAnXg=="],

    "fsevents": ["fsevents@2.3.3", "https://registry.npmmirror.com/fsevents/-/fsevents-2.3.3.tgz", { "os": "darwin" }, "sha512-5xoDfX+fL7faATnagmWPpbFtwh/R77WmMMqqHGS65C3vvB0YHrgF+B1YmZ3441tMj5n63k0212XNoJwzlhffQw=="],

    "get-tsconfig": ["get-tsconfig@4.13.0", "https://registry.npmmirror.com/get-tsconfig/-/get-tsconfig-4.13.0.tgz", { "dependencies": { "resolve-pkg-maps": "^1.0.0" } }, "sha512-1VKTZJCwBrvbd+Wn3AOgQP/2Av+TfTCOlE4AcRJE72W1ksZXbAx8PPBR9RzgTeSPzlPMHrbANMH3LbltH73wxQ=="],

    "giget": ["giget@2.0.0", "https://registry.npmmirror.com/giget/-/giget-2.0.0.tgz", { "dependencies": { "citty": "^0.1.6", "consola": "^3.4.0", "defu": "^6.1.4", "node-fetch-native": "^1.6.6", "nypm": "^0.6.0", "pathe": "^2.0.3" }, "bin": { "giget": "dist/cli.mjs" } }, "sha512-L5bGsVkxJbJgdnwyuheIunkGatUF/zssUoxxjACCseZYAVbaqdh9Tsmmlkl8vYan09H7sbvKt4pS8GqKLBrEzA=="],

    "hookable": ["hookable@6.0.1", "https://registry.npmmirror.com/hookable/-/hookable-6.0.1.tgz", {}, "sha512-uKGyY8BuzN/a5gvzvA+3FVWo0+wUjgtfSdnmjtrOVwQCZPHpHDH2WRO3VZSOeluYrHoDCiXFffZXs8Dj1ULWtw=="],

    "import-without-cache": ["import-without-cache@0.2.5", "https://registry.npmmirror.com/import-without-cache/-/import-without-cache-0.2.5.tgz", {}, "sha512-B6Lc2s6yApwnD2/pMzFh/d5AVjdsDXjgkeJ766FmFuJELIGHNycKRj+l3A39yZPM4CchqNCB4RITEAYB1KUM6A=="],

    "jiti": ["jiti@2.6.1", "https://registry.npmmirror.com/jiti/-/jiti-2.6.1.tgz", { "bin": { "jiti": "lib/jiti-cli.mjs" } }, "sha512-ekilCSN1jwRvIbgeg/57YFh8qQDNbwDb9xT/qu2DAHbFFZUicIl4ygVaAvzveMhMVr3LnpSKTNnwt8PoOfmKhQ=="],

    "jsesc": ["jsesc@3.1.0", "https://registry.npmmirror.com/jsesc/-/jsesc-3.1.0.tgz", { "bin": { "jsesc": "bin/jsesc" } }, "sha512-/sM3dO2FOzXjKQhJuo0Q173wf2KOo8t4I8vHy6lF9poUp7bKT0/NHE8fPX23PwfhnykfqnC2xRxOnVw5XuGIaA=="],

    "jsonc-parser": ["jsonc-parser@3.3.1", "https://registry.npmmirror.com/jsonc-parser/-/jsonc-parser-3.3.1.tgz", {}, "sha512-HUgH65KyejrUFPvHFPbqOY0rsFip3Bo5wb4ngvdi1EpCYWUQDC5V+Y7mZws+DLkr4M//zQJoanu1SP+87Dv1oQ=="],

    "lightningcss": ["lightningcss@1.30.2", "https://registry.npmmirror.com/lightningcss/-/lightningcss-1.30.2.tgz", { "dependencies": { "detect-libc": "^2.0.3" }, "optionalDependencies": { "lightningcss-android-arm64": "1.30.2", "lightningcss-darwin-arm64": "1.30.2", "lightningcss-darwin-x64": "1.30.2", "lightningcss-freebsd-x64": "1.30.2", "lightningcss-linux-arm-gnueabihf": "1.30.2", "lightningcss-linux-arm64-gnu": "1.30.2", "lightningcss-linux-arm64-musl": "1.30.2", "lightningcss-linux-x64-gnu": "1.30.2", "lightningcss-linux-x64-musl": "1.30.2", "lightningcss-win32-arm64-msvc": "1.30.2", "lightningcss-win32-x64-msvc": "1.30.2" } }, "sha512-utfs7Pr5uJyyvDETitgsaqSyjCb2qNRAtuqUeWIAKztsOYdcACf2KtARYXg2pSvhkt+9NfoaNY7fxjl6nuMjIQ=="],

    "lightningcss-android-arm64": ["lightningcss-android-arm64@1.30.2", "https://registry.npmmirror.com/lightningcss-android-arm64/-/lightningcss-android-arm64-1.30.2.tgz", { "os": "android", "cpu": "arm64" }, "sha512-BH9sEdOCahSgmkVhBLeU7Hc9DWeZ1Eb6wNS6Da8igvUwAe0sqROHddIlvU06q3WyXVEOYDZ6ykBZQnjTbmo4+A=="],

    "lightningcss-darwin-arm64": ["lightningcss-darwin-arm64@1.30.2", "https://registry.npmmirror.com/lightningcss-darwin-arm64/-/lightningcss-darwin-arm64-1.30.2.tgz", { "os": "darwin", "cpu": "arm64" }, "sha512-ylTcDJBN3Hp21TdhRT5zBOIi73P6/W0qwvlFEk22fkdXchtNTOU4Qc37SkzV+EKYxLouZ6M4LG9NfZ1qkhhBWA=="],

    "lightningcss-darwin-x64": ["lightningcss-darwin-x64@1.30.2", "https://registry.npmmirror.com/lightningcss-darwin-x64/-/lightningcss-darwin-x64-1.30.2.tgz", { "os": "darwin", "cpu": "x64" }, "sha512-oBZgKchomuDYxr7ilwLcyms6BCyLn0z8J0+ZZmfpjwg9fRVZIR5/GMXd7r9RH94iDhld3UmSjBM6nXWM2TfZTQ=="],

    "lightningcss-freebsd-x64": ["lightningcss-freebsd-x64@1.30.2", "https://registry.npmmirror.com/lightningcss-freebsd-x64/-/lightningcss-freebsd-x64-1.30.2.tgz", { "os": "freebsd", "cpu": "x64" }, "sha512-c2bH6xTrf4BDpK8MoGG4Bd6zAMZDAXS569UxCAGcA7IKbHNMlhGQ89eRmvpIUGfKWNVdbhSbkQaWhEoMGmGslA=="],

    "lightningcss-linux-arm-gnueabihf": ["lightningcss-linux-arm-gnueabihf@1.30.2", "https://registry.npmmirror.com/lightningcss-linux-arm-gnueabihf/-/lightningcss-linux-arm-gnueabihf-1.30.2.tgz", { "os": "linux", "cpu": "arm" }, "sha512-eVdpxh4wYcm0PofJIZVuYuLiqBIakQ9uFZmipf6LF/HRj5Bgm0eb3qL/mr1smyXIS1twwOxNWndd8z0E374hiA=="],

    "lightningcss-linux-arm64-gnu": ["lightningcss-linux-arm64-gnu@1.30.2", "https://registry.npmmirror.com/lightningcss-linux-arm64-gnu/-/lightningcss-linux-arm64-gnu-1.30.2.tgz", { "os": "linux", "cpu": "arm64" }, "sha512-UK65WJAbwIJbiBFXpxrbTNArtfuznvxAJw4Q2ZGlU8kPeDIWEX1dg3rn2veBVUylA2Ezg89ktszWbaQnxD/e3A=="],

    "lightningcss-linux-arm64-musl": ["lightningcss-linux-arm64-musl@1.30.2", "https://registry.npmmirror.com/lightningcss-linux-arm64-musl/-/lightningcss-linux-arm64-musl-1.30.2.tgz", { "os": "linux", "cpu": "arm64" }, "sha512-5Vh9dGeblpTxWHpOx8iauV02popZDsCYMPIgiuw97OJ5uaDsL86cnqSFs5LZkG3ghHoX5isLgWzMs+eD1YzrnA=="],

    "lightningcss-linux-x64-gnu": ["lightningcss-linux-x64-gnu@1.30.2", "https://registry.npmmirror.com/lightningcss-linux-x64-gnu/-/lightningcss-linux-x64-gnu-1.30.2.tgz", { "os": "linux", "cpu": "x64" }, "sha512-Cfd46gdmj1vQ+lR6VRTTadNHu6ALuw2pKR9lYq4FnhvgBc4zWY1EtZcAc6EffShbb1MFrIPfLDXD6Xprbnni4w=="],

    "lightningcss-linux-x64-musl": ["lightningcss-linux-x64-musl@1.30.2", "https://registry.npmmirror.com/lightningcss-linux-x64-musl/-/lightningcss-linux-x64-musl-1.30.2.tgz", { "os": "linux", "cpu": "x64" }, "sha512-XJaLUUFXb6/QG2lGIW6aIk6jKdtjtcffUT0NKvIqhSBY3hh9Ch+1LCeH80dR9q9LBjG3ewbDjnumefsLsP6aiA=="],

    "lightningcss-win32-arm64-msvc": ["lightningcss-win32-arm64-msvc@1.30.2", "https://registry.npmmirror.com/lightningcss-win32-arm64-msvc/-/lightningcss-win32-arm64-msvc-1.30.2.tgz", { "os": "win32", "cpu": "arm64" }, "sha512-FZn+vaj7zLv//D/192WFFVA0RgHawIcHqLX9xuWiQt7P0PtdFEVaxgF9rjM/IRYHQXNnk61/H/gb2Ei+kUQ4xQ=="],

    "lightningcss-win32-x64-msvc": ["lightningcss-win32-x64-msvc@1.30.2", "https://registry.npmmirror.com/lightningcss-win32-x64-msvc/-/lightningcss-win32-x64-msvc-1.30.2.tgz", { "os": "win32", "cpu": "x64" }, "sha512-5g1yc73p+iAkid5phb4oVFMB45417DkRevRbt/El/gKXJk4jid+vPFF/AXbxn05Aky8PapwzZrdJShv5C0avjw=="],

    "nanoid": ["nanoid@3.3.11", "https://registry.npmmirror.com/nanoid/-/nanoid-3.3.11.tgz", { "bin": { "nanoid": "bin/nanoid.cjs" } }, "sha512-N8SpfPUnUp1bK+PMYW8qSWdl9U+wwNWI4QKxOYDy9JAro3WMX7p2OeVRF9v+347pnakNevPmiHhNmZ2HbFA76w=="],

    "node-fetch-native": ["node-fetch-native@1.6.6", "https://registry.npmmirror.com/node-fetch-native/-/node-fetch-native-1.6.6.tgz", {}, "sha512-8Mc2HhqPdlIfedsuZoc3yioPuzp6b+L5jRCRY1QzuWZh2EGJVQrGppC6V6cF0bLdbW0+O2YpqCA25aF/1lvipQ=="],

    "nypm": ["nypm@0.6.0", "https://registry.npmmirror.com/nypm/-/nypm-0.6.0.tgz", { "dependencies": { "citty": "^0.1.6", "consola": "^3.4.0", "pathe": "^2.0.3", "pkg-types": "^2.0.0", "tinyexec": "^0.3.2" }, "bin": { "nypm": "dist/cli.mjs" } }, "sha512-mn8wBFV9G9+UFHIrq+pZ2r2zL4aPau/by3kJb3cM7+5tQHMt6HGQB8FDIeKFYp8o0D2pnH6nVsO88N4AmUxIWg=="],

    "obug": ["obug@2.1.1", "https://registry.npmmirror.com/obug/-/obug-2.1.1.tgz", {}, "sha512-uTqF9MuPraAQ+IsnPf366RG4cP9RtUi7MLO1N3KEc+wb0a6yKpeL0lmk2IB1jY5KHPAlTc6T/JRdC/YqxHNwkQ=="],

    "ohash": ["ohash@2.0.11", "https://registry.npmmirror.com/ohash/-/ohash-2.0.11.tgz", {}, "sha512-RdR9FQrFwNBNXAr4GixM8YaRZRJ5PUWbKYbE5eOsrwAjJW0q2REGcf79oYPsLyskQCZG1PLN+S/K1V00joZAoQ=="],

    "oxlint": ["oxlint@1.35.0", "https://registry.npmmirror.com/oxlint/-/oxlint-1.35.0.tgz", { "optionalDependencies": { "@oxlint/darwin-arm64": "1.35.0", "@oxlint/darwin-x64": "1.35.0", "@oxlint/linux-arm64-gnu": "1.35.0", "@oxlint/linux-arm64-musl": "1.35.0", "@oxlint/linux-x64-gnu": "1.35.0", "@oxlint/linux-x64-musl": "1.35.0", "@oxlint/win32-arm64": "1.35.0", "@oxlint/win32-x64": "1.35.0" }, "peerDependencies": { "oxlint-tsgolint": ">=0.10.0" }, "optionalPeers": ["oxlint-tsgolint"], "bin": { "oxc_language_server": "bin/oxc_language_server", "oxlint": "bin/oxlint" } }, "sha512-QDX1aUgaiqznkGfTM2qHwva2wtKqhVoqPSVXrnPz+yLUhlNadikD3QRuRtppHl7WGuy3wG6nKAuR8lash3aWSg=="],

    "package-manager-detector": ["package-manager-detector@1.6.0", "https://registry.npmmirror.com/package-manager-detector/-/package-manager-detector-1.6.0.tgz", {}, "sha512-61A5ThoTiDG/C8s8UMZwSorAGwMJ0ERVGj2OjoW5pAalsNOg15+iQiPzrLJ4jhZ1HJzmC2PIHT2oEiH3R5fzNA=="],

    "pathe": ["pathe@2.0.3", "https://registry.npmmirror.com/pathe/-/pathe-2.0.3.tgz", {}, "sha512-WUjGcAqP1gQacoQe+OBJsFA7Ld4DyXuUIjZ5cc75cLHvJ7dtNsTugphxIADwspS+AraAUePCKrSVtPLFj/F88w=="],

    "perfect-debounce": ["perfect-debounce@2.0.0", "https://registry.npmmirror.com/perfect-debounce/-/perfect-debounce-2.0.0.tgz", {}, "sha512-fkEH/OBiKrqqI/yIgjR92lMfs2K8105zt/VT6+7eTjNwisrsh47CeIED9z58zI7DfKdH3uHAn25ziRZn3kgAow=="],

    "picocolors": ["picocolors@1.1.1", "https://registry.npmmirror.com/picocolors/-/picocolors-1.1.1.tgz", {}, "sha512-xceH2snhtb5M9liqDsmEw56le376mTZkEX/jEb/RxNFyegNul7eNslCXP9FDj/Lcu0X8KEyMceP2ntpaHrDEVA=="],

    "picomatch": ["picomatch@4.0.3", "https://registry.npmmirror.com/picomatch/-/picomatch-4.0.3.tgz", {}, "sha512-5gTmgEY/sqK6gFXLIsQNH19lWb4ebPDLA4SdLP7dsWkIXHWlG66oPuVvXSGFPppYZz8ZDZq0dYYrbHfBCVUb1Q=="],

    "pkg-types": ["pkg-types@2.3.0", "https://registry.npmmirror.com/pkg-types/-/pkg-types-2.3.0.tgz", { "dependencies": { "confbox": "^0.2.2", "exsolve": "^1.0.7", "pathe": "^2.0.3" } }, "sha512-SIqCzDRg0s9npO5XQ3tNZioRY1uK06lA41ynBC1YmFTmnY6FjUjVt6s4LoADmwoig1qqD0oK8h1p/8mlMx8Oig=="],

    "postcss": ["postcss@8.5.6", "https://registry.npmmirror.com/postcss/-/postcss-8.5.6.tgz", { "dependencies": { "nanoid": "^3.3.11", "picocolors": "^1.1.1", "source-map-js": "^1.2.1" } }, "sha512-3Ybi1tAuwAP9s0r1UQ2J4n5Y0G05bJkpUIO0/bI9MhwmD70S5aTWbXGBwxHrelT+XM1k6dM0pk+SwNkpTRN7Pg=="],

    "quansync": ["quansync@1.0.0", "https://registry.npmmirror.com/quansync/-/quansync-1.0.0.tgz", {}, "sha512-5xZacEEufv3HSTPQuchrvV6soaiACMFnq1H8wkVioctoH3TRha9Sz66lOxRwPK/qZj7HPiSveih9yAyh98gvqA=="],

    "rc9": ["rc9@2.1.2", "https://registry.npmmirror.com/rc9/-/rc9-2.1.2.tgz", { "dependencies": { "defu": "^6.1.4", "destr": "^2.0.3" } }, "sha512-btXCnMmRIBINM2LDZoEmOogIZU7Qe7zn4BpomSKZ/ykbLObuBdvG+mFq11DL6fjH1DRwHhrlgtYWG96bJiC7Cg=="],

    "readdirp": ["readdirp@5.0.0", "https://registry.npmmirror.com/readdirp/-/readdirp-5.0.0.tgz", {}, "sha512-9u/XQ1pvrQtYyMpZe7DXKv2p5CNvyVwzUB6uhLAnQwHMSgKMBR62lc7AHljaeteeHXn11XTAaLLUVZYVZyuRBQ=="],

    "resolve-pkg-maps": ["resolve-pkg-maps@1.0.0", "https://registry.npmmirror.com/resolve-pkg-maps/-/resolve-pkg-maps-1.0.0.tgz", {}, "sha512-seS2Tj26TBVOC2NIc2rOe2y2ZO7efxITtLZcGSOnHHNOQ7CkiUBfw0Iw2ck6xkIhPwLhKNLS8BO+hEpngQlqzw=="],

    "rolldown": ["rolldown@1.0.0-beta.57", "https://registry.npmmirror.com/rolldown/-/rolldown-1.0.0-beta.57.tgz", { "dependencies": { "@oxc-project/types": "=0.103.0", "@rolldown/pluginutils": "1.0.0-beta.57" }, "optionalDependencies": { "@rolldown/binding-android-arm64": "1.0.0-beta.57", "@rolldown/binding-darwin-arm64": "1.0.0-beta.57", "@rolldown/binding-darwin-x64": "1.0.0-beta.57", "@rolldown/binding-freebsd-x64": "1.0.0-beta.57", "@rolldown/binding-linux-arm-gnueabihf": "1.0.0-beta.57", "@rolldown/binding-linux-arm64-gnu": "1.0.0-beta.57", "@rolldown/binding-linux-arm64-musl": "1.0.0-beta.57", "@rolldown/binding-linux-x64-gnu": "1.0.0-beta.57", "@rolldown/binding-linux-x64-musl": "1.0.0-beta.57", "@rolldown/binding-openharmony-arm64": "1.0.0-beta.57", "@rolldown/binding-wasm32-wasi": "1.0.0-beta.57", "@rolldown/binding-win32-arm64-msvc": "1.0.0-beta.57", "@rolldown/binding-win32-x64-msvc": "1.0.0-beta.57" }, "bin": { "rolldown": "bin/cli.mjs" } }, "sha512-lMMxcNN71GMsSko8RyeTaFoATHkCh4IWU7pYF73ziMYjhHZWfVesC6GQ+iaJCvZmVjvgSks9Ks1aaqEkBd8udg=="],

    "rolldown-plugin-dts": ["rolldown-plugin-dts@0.20.0", "https://registry.npmmirror.com/rolldown-plugin-dts/-/rolldown-plugin-dts-0.20.0.tgz", { "dependencies": { "@babel/generator": "^7.28.5", "@babel/parser": "^7.28.5", "@babel/types": "^7.28.5", "ast-kit": "^2.2.0", "birpc": "^4.0.0", "dts-resolver": "^2.1.3", "get-tsconfig": "^4.13.0", "obug": "^2.1.1" }, "peerDependencies": { "@ts-macro/tsc": "^0.3.6", "@typescript/native-preview": ">=7.0.0-dev.20250601.1", "rolldown": "^1.0.0-beta.57", "typescript": "^5.0.0", "vue-tsc": "~3.2.0" }, "optionalPeers": ["@ts-macro/tsc", "@typescript/native-preview", "typescript", "vue-tsc"] }, "sha512-cLAY1kN2ilTYMfZcFlGWbXnu6Nb+8uwUBsi+Mjbh4uIx7IN8uMOmJ7RxrrRgPsO4H7eSz3E+JwGoL1gyugiyUA=="],

    "semver": ["semver@7.7.3", "https://registry.npmmirror.com/semver/-/semver-7.7.3.tgz", { "bin": { "semver": "bin/semver.js" } }, "sha512-SdsKMrI9TdgjdweUSR9MweHA4EJ8YxHn8DFaDisvhVlUOe4BF1tLD7GAj0lIqWVl+dPb/rExr0Btby5loQm20Q=="],

    "source-map-js": ["source-map-js@1.2.1", "https://registry.npmmirror.com/source-map-js/-/source-map-js-1.2.1.tgz", {}, "sha512-UXWMKhLOwVKb728IUtQPXxfYU+usdybtUrK/8uGE8CQMvrhOpwvzDBwj0QhSL7MQc7vIsISBG8VQ8+IDQxpfQA=="],

    "tinyexec": ["tinyexec@1.0.2", "https://registry.npmmirror.com/tinyexec/-/tinyexec-1.0.2.tgz", {}, "sha512-W/KYk+NFhkmsYpuHq5JykngiOCnxeVL8v8dFnqxSD8qEEdRfXk1SDM6JzNqcERbcGYj9tMrDQBYV9cjgnunFIg=="],

    "tinyglobby": ["tinyglobby@0.2.15", "https://registry.npmmirror.com/tinyglobby/-/tinyglobby-0.2.15.tgz", { "dependencies": { "fdir": "^6.5.0", "picomatch": "^4.0.3" } }, "sha512-j2Zq4NyQYG5XMST4cbs02Ak8iJUdxRM0XI5QyxXuZOzKOINmWurp3smXu3y5wDcJrptwpSjgXHzIQxR0omXljQ=="],

    "tree-kill": ["tree-kill@1.2.2", "https://registry.npmmirror.com/tree-kill/-/tree-kill-1.2.2.tgz", { "bin": { "tree-kill": "cli.js" } }, "sha512-L0Orpi8qGpRG//Nd+H90vFB+3iHnue1zSSGmNOOCh1GLJ7rUKVwV2HvijphGQS2UmhUZewS9VgvxYIdgr+fG1A=="],

    "tsdown": ["tsdown@0.18.3", "https://registry.npmmirror.com/tsdown/-/tsdown-0.18.3.tgz", { "dependencies": { "ansis": "^4.2.0", "cac": "^6.7.14", "defu": "^6.1.4", "empathic": "^2.0.0", "hookable": "^6.0.1", "import-without-cache": "^0.2.5", "obug": "^2.1.1", "picomatch": "^4.0.3", "rolldown": "1.0.0-beta.57", "rolldown-plugin-dts": "^0.20.0", "semver": "^7.7.3", "tinyexec": "^1.0.2", "tinyglobby": "^0.2.15", "tree-kill": "^1.2.2", "unconfig-core": "^7.4.2", "unrun": "^0.2.21" }, "peerDependencies": { "@arethetypeswrong/core": "^0.18.1", "@vitejs/devtools": "*", "publint": "^0.3.0", "typescript": "^5.0.0", "unplugin-lightningcss": "^0.4.0", "unplugin-unused": "^0.5.0" }, "optionalPeers": ["@arethetypeswrong/core", "@vitejs/devtools", "publint", "typescript", "unplugin-lightningcss", "unplugin-unused"], "bin": { "tsdown": "dist/run.mjs" } }, "sha512-OVFzktKDTglFAUh/WO8WamBUbZoBlJ9m7NgZZrVyIKe32BfXBeRZ+soFFpuOGVP8g8OU4tOLOpTyPTELWvcTFw=="],

    "tslib": ["tslib@2.8.1", "https://registry.npmmirror.com/tslib/-/tslib-2.8.1.tgz", {}, "sha512-oJFu94HQb+KVduSUQL7wnpmqnfmLsOA/nAh6b6EH0wCEoK0/mPeXU6c3wKDV83MkOuHPRHtSXKKU99IBazS/2w=="],

    "typescript": ["typescript@5.9.3", "https://registry.npmmirror.com/typescript/-/typescript-5.9.3.tgz", { "bin": { "tsc": "bin/tsc", "tsserver": "bin/tsserver" } }, "sha512-jl1vZzPDinLr9eUt3J/t7V6FgNEw9QjvBPdysz9KfQDD41fQrC2Y4vKQdiaUpFT4bXlb1RHhLpp8wtm6M5TgSw=="],

    "unconfig-core": ["unconfig-core@7.4.2", "https://registry.npmmirror.com/unconfig-core/-/unconfig-core-7.4.2.tgz", { "dependencies": { "@quansync/fs": "^1.0.0", "quansync": "^1.0.0" } }, "sha512-VgPCvLWugINbXvMQDf8Jh0mlbvNjNC6eSUziHsBCMpxR05OPrNrvDnyatdMjRgcHaaNsCqz+wjNXxNw1kRLHUg=="],

    "unrun": ["unrun@0.2.21", "https://registry.npmmirror.com/unrun/-/unrun-0.2.21.tgz", { "dependencies": { "rolldown": "1.0.0-beta.57" }, "peerDependencies": { "synckit": "^0.11.11" }, "optionalPeers": ["synckit"], "bin": { "unrun": "dist/cli.mjs" } }, "sha512-VuwI4YKtwBpDvM7hCEop2Im/ezS82dliqJpkh9pvS6ve8HcUsBDvESHxMmUfImXR03GkmfdDynyrh/pUJnlguw=="],

    "vite": ["vite@8.0.0-beta.5", "https://registry.npmmirror.com/vite/-/vite-8.0.0-beta.5.tgz", { "dependencies": { "@oxc-project/runtime": "0.103.0", "fdir": "^6.5.0", "lightningcss": "^1.30.2", "picomatch": "^4.0.3", "postcss": "^8.5.6", "rolldown": "1.0.0-beta.57", "tinyglobby": "^0.2.15" }, "optionalDependencies": { "fsevents": "~2.3.3" }, "peerDependencies": { "@types/node": "^20.19.0 || >=22.12.0", "esbuild": "^0.25.0", "jiti": ">=1.21.0", "less": "^4.0.0", "sass": "^1.70.0", "sass-embedded": "^1.70.0", "stylus": ">=0.54.8", "sugarss": "^5.0.0", "terser": "^5.16.0", "tsx": "^4.8.1", "yaml": "^2.4.2" }, "optionalPeers": ["@types/node", "esbuild", "jiti", "less", "sass", "sass-embedded", "stylus", "sugarss", "terser", "tsx", "yaml"], "bin": { "vite": "bin/vite.js" } }, "sha512-wgvJ+rdGKggZ1m0KnSYF4mEdEEaAAUWKiHe9IDl8oagjUkyrD2CdgSoxiJdpLNNzCKIZdHsAi2xMRRwrCEd4AQ=="],

    "yaml": ["yaml@2.8.1", "https://registry.npmmirror.com/yaml/-/yaml-2.8.1.tgz", { "bin": { "yaml": "bin.mjs" } }, "sha512-lcYcMxX2PO9XMGvAJkJ3OsNMw+/7FKes7/hgerGUYWIoWu5j/+YQqcZr5JnPZWzOsEBgMbSbiSTn/dv/69Mkpw=="],

    "zen-mitt": ["zen-mitt@3.1.0", "https://registry.npmmirror.com/zen-mitt/-/zen-mitt-3.1.0.tgz", {}, "sha512-I0KUcnQb9rnx1/Cu9xtlJPj2e2r+yb3putg2Tjx9mjY2pVTnAzH4N/KwnIpnG+RQCz3VPj33NftGis4ug5s/2g=="],

    "nypm/pkg-types": ["pkg-types@2.1.0", "https://registry.npmmirror.com/pkg-types/-/pkg-types-2.1.0.tgz", { "dependencies": { "confbox": "^0.2.1", "exsolve": "^1.0.1", "pathe": "^2.0.3" } }, "sha512-wmJwA+8ihJixSoHKxZJRBQG1oY8Yr9pGLzRmSsNms0iNWyHHAlZCa7mmKiFR10YPZuz/2k169JiS/inOjBCZ2A=="],

    "nypm/tinyexec": ["tinyexec@0.3.2", "https://registry.npmmirror.com/tinyexec/-/tinyexec-0.3.2.tgz", {}, "sha512-KQQR9yN7R5+OSwaK0XQoj22pwHoTlgYqmUscPYoknOoWCWfj/5/ABTMRi69FrKU5ffPVh5QcFikpWJI/P1ocHA=="],

    "pkg-types/exsolve": ["exsolve@1.0.7", "https://registry.npmmirror.com/exsolve/-/exsolve-1.0.7.tgz", {}, "sha512-VO5fQUzZtI6C+vx4w/4BWJpg3s/5l+6pRQEHzFRM8WFi4XffSP1Z+4qi7GbjWbvRQEbdIco5mIMq+zX4rPuLrw=="],

    "nypm/pkg-types/exsolve": ["exsolve@1.0.5", "https://registry.npmmirror.com/exsolve/-/exsolve-1.0.5.tgz", {}, "sha512-pz5dvkYYKQ1AHVrgOzBKWeP4u4FRb3a6DNK2ucr0OoNwYIU4QWsJ+NM36LLzORT+z845MzKHHhpXiUF5nvQoJg=="],
  }
}
